<?xml version="1.0" encoding="utf-8"?>
<Project ToolsVersion="4.0" xmlns="http://schemas.microsoft.com/developer/msbuild/2003">
  <ItemGroup>
    <ClCompile Include="main.cpp" />
    <ClCompile Include="Input\Input Objects\MouseDeltaVector2Input.cpp">
      <Filter>Input\Input Objects\Vector2 Input</Filter>
    </ClCompile>
    <ClCompile Include="Input\Input Objects\CompositeVector2Inputs.cpp">
      <Filter>Input\Input Objects\Vector2 Input</Filter>
    </ClCompile>
    <ClCompile Include="IO\tinyxml2.cpp">
      <Filter>IO\tinyxml Library</Filter>
    </ClCompile>
    <ClCompile Include="Math\Higher Math\Camera.cpp">
      <Filter>Math\Higher Math</Filter>
    </ClCompile>
    <ClCompile Include="Math\Higher Math\Terrain.cpp">
      <Filter>Math\Higher Math</Filter>
    </ClCompile>
    <ClCompile Include="Math\Higher Math\TransformObject.cpp">
      <Filter>Math\Higher Math</Filter>
    </ClCompile>
    <ClCompile Include="Math\Noise Generation\BasicGenerators.cpp">
      <Filter>Math\Noise Generation</Filter>
    </ClCompile>
    <ClCompile Include="Math\Noise Generation\DiamondSquare.cpp">
      <Filter>Math\Noise Generation</Filter>
    </ClCompile>
    <ClCompile Include="Math\Noise Generation\Interpolator.cpp">
      <Filter>Math\Noise Generation</Filter>
    </ClCompile>
    <ClCompile Include="Math\Noise Generation\LayeredOctave.cpp">
      <Filter>Math\Noise Generation</Filter>
    </ClCompile>
    <ClCompile Include="Math\Noise Generation\NoiseCombinations.cpp">
      <Filter>Math\Noise Generation</Filter>
    </ClCompile>
    <ClCompile Include="Math\Noise Generation\NoiseFilterer.cpp">
      <Filter>Math\Noise Generation</Filter>
    </ClCompile>
    <ClCompile Include="Math\Noise Generation\NoiseFilterRegion.cpp">
      <Filter>Math\Noise Generation</Filter>
    </ClCompile>
    <ClCompile Include="Math\Noise Generation\Perlin.cpp">
      <Filter>Math\Noise Generation</Filter>
    </ClCompile>
    <ClCompile Include="Math\Noise Generation\Worley.cpp">
      <Filter>Math\Noise Generation</Filter>
    </ClCompile>
    <ClCompile Include="Math\Noise Generation\ColorGradient.cpp">
      <Filter>Math\Noise Generation\Noise Coloring</Filter>
    </ClCompile>
    <ClCompile Include="Math\Noise Generation\ColorNode.cpp">
      <Filter>Math\Noise Generation\Noise Coloring</Filter>
    </ClCompile>
    <ClCompile Include="Math\Shapes\Boxes.cpp">
      <Filter>Math\Shapes</Filter>
    </ClCompile>
    <ClCompile Include="Math\Shapes\ThreeDShapes.cpp">
      <Filter>Math\Shapes</Filter>
    </ClCompile>
    <ClCompile Include="Events\Timing.cpp">
      <Filter>Events</Filter>
    </ClCompile>
    <ClCompile Include="Math\Higher Math\BumpmapToNormalmap.cpp">
      <Filter>Math\Higher Math</Filter>
    </ClCompile>
    <ClCompile Include="Input\LookRotation.cpp">
      <Filter>Input</Filter>
    </ClCompile>
    <ClCompile Include="Math\Noise Generation\NoiseFilterVolume.cpp">
      <Filter>Math\Noise Generation</Filter>
    </ClCompile>
    <ClCompile Include="DebugAssist.cpp" />
    <ClCompile Include="Rendering\GPU Particles\GPUParticleDefines.cpp">
      <Filter>Rendering\GPU Particles</Filter>
    </ClCompile>
    <ClCompile Include="Rendering\GPU Particles\GPUParticleGenerator.cpp">
      <Filter>Rendering\GPU Particles</Filter>
    </ClCompile>
    <ClCompile Include="Rendering\GUI\TextRenderer.cpp">
      <Filter>Rendering\GUI</Filter>
    </ClCompile>
    <ClCompile Include="Rendering\GUI\FreeTypeHandler.cpp">
      <Filter>Rendering\GUI</Filter>
    </ClCompile>
    <ClCompile Include="Tests\GUITestWorld.cpp">
      <Filter>Tests</Filter>
    </ClCompile>
    <ClCompile Include="Rendering\Water\Water.cpp">
      <Filter>Rendering\Water</Filter>
    </ClCompile>
    <ClCompile Include="Rendering\Water\WaterRendering.cpp">
      <Filter>Rendering\Water</Filter>
    </ClCompile>
    <ClCompile Include="IO\XmlSerialization.cpp">
      <Filter>IO</Filter>
    </ClCompile>
    <ClCompile Include="IO\BinarySerialization.cpp">
      <Filter>IO</Filter>
    </ClCompile>
    <ClCompile Include="Toys\PlanetSim\PlanetSimCamera.cpp">
      <Filter>Toys\PlanetSim</Filter>
    </ClCompile>
    <ClCompile Include="Toys\PlanetSim\PlanetSimWorld.cpp">
      <Filter>Toys\PlanetSim</Filter>
    </ClCompile>
    <ClCompile Include="Toys\PlanetSim\PlanetSimWorldGen.cpp">
      <Filter>Toys\PlanetSim</Filter>
    </ClCompile>
    <ClCompile Include="Toys\Voxel\ChunkMesh.cpp">
      <Filter>Toys\Voxels</Filter>
    </ClCompile>
    <ClCompile Include="Toys\Voxel\VoxelCamera.cpp">
      <Filter>Toys\Voxels</Filter>
    </ClCompile>
    <ClCompile Include="Toys\Voxel\VoxelChunk.cpp">
      <Filter>Toys\Voxels</Filter>
    </ClCompile>
    <ClCompile Include="Toys\Voxel\VoxelChunkManager.cpp">
      <Filter>Toys\Voxels</Filter>
    </ClCompile>
    <ClCompile Include="Toys\Voxel\VoxelPlayer.cpp">
      <Filter>Toys\Voxels</Filter>
    </ClCompile>
    <ClCompile Include="Toys\Voxel\VoxelWorld.cpp">
      <Filter>Toys\Voxels</Filter>
    </ClCompile>
    <ClCompile Include="Toys\Voxel\VoxelWorldPPC.cpp">
      <Filter>Toys\Voxels</Filter>
    </ClCompile>
    <ClCompile Include="Rendering\GUI\GUIElement.cpp">
      <Filter>Rendering\GUI\GUI Elements</Filter>
    </ClCompile>
    <ClCompile Include="Rendering\GUI\GUI Elements\GUILabel.cpp">
      <Filter>Rendering\GUI\GUI Elements</Filter>
    </ClCompile>
    <ClCompile Include="Rendering\GUI\GUIMaterials.cpp">
      <Filter>Rendering\GUI</Filter>
    </ClCompile>
    <ClCompile Include="Rendering\GUI\GUI Elements\GUIPanel.cpp">
      <Filter>Rendering\GUI\GUI Elements</Filter>
    </ClCompile>
    <ClCompile Include="Rendering\GUI\GUI Elements\GUITexture.cpp">
      <Filter>Rendering\GUI\GUI Elements</Filter>
    </ClCompile>
    <ClCompile Include="Rendering\GUI\GUI Elements\GUISlider.cpp">
      <Filter>Rendering\GUI\GUI Elements</Filter>
    </ClCompile>
    <ClCompile Include="Rendering\GUI\GUI Elements\GUISelectionBox.cpp">
      <Filter>Rendering\GUI\GUI Elements</Filter>
    </ClCompile>
    <ClCompile Include="Rendering\GUI\GUIManager.cpp">
      <Filter>Rendering\GUI</Filter>
    </ClCompile>
    <ClCompile Include="Asset Packaging\AssetPackage.cpp">
      <Filter>Asset Packaging</Filter>
    </ClCompile>
    <ClCompile Include="Rendering\GUI\GUI Elements\GUIFormattedPanel.cpp">
      <Filter>Rendering\GUI\GUI Elements</Filter>
    </ClCompile>
    <ClCompile Include="Rendering\GUI\GUI Elements\GUITextBox.cpp">
      <Filter>Rendering\GUI\GUI Elements</Filter>
    </ClCompile>
    <ClCompile Include="Input\KeyboardTextInput.cpp">
      <Filter>Input</Filter>
    </ClCompile>
    <ClCompile Include="Editor\EditorPanel.cpp">
      <Filter>Rendering\Editors</Filter>
    </ClCompile>
    <ClCompile Include="Rendering\GUI\GUI Elements\GUICheckbox.cpp">
      <Filter>Rendering\GUI\GUI Elements</Filter>
    </ClCompile>
    <ClCompile Include="Editor\EditorMaterialSet.cpp">
      <Filter>Rendering\Editors</Filter>
    </ClCompile>
    <ClCompile Include="Editor\EditorObjects.cpp">
      <Filter>Rendering\Editors</Filter>
    </ClCompile>
    <ClCompile Include="Editor\EditorObject.cpp">
      <Filter>Rendering\Editors</Filter>
    </ClCompile>
    <ClCompile Include="Editor\Editor Panels\ColorEditor.cpp">
      <Filter>Rendering\Editors\Editor Panels</Filter>
    </ClCompile>
    <ClCompile Include="Math\Shapes\Circle.cpp">
      <Filter>Math\Shapes</Filter>
    </ClCompile>
    <ClCompile Include="Math\Lower Math\Interval.cpp">
      <Filter>Math\Lower Math</Filter>
    </ClCompile>
    <ClCompile Include="Math\Lower Math\Matrix4f.cpp">
      <Filter>Math\Lower Math</Filter>
    </ClCompile>
    <ClCompile Include="Math\Lower Math\Quaternion.cpp">
      <Filter>Math\Lower Math</Filter>
    </ClCompile>
    <ClCompile Include="Math\Lower Math\Vectors.cpp">
      <Filter>Math\Lower Math</Filter>
    </ClCompile>
    <ClCompile Include="Oculus Rift\OculusDevice.cpp">
      <Filter>Oculus Rift</Filter>
    </ClCompile>
    <ClCompile Include="Tests\RiftTestWorld.cpp">
      <Filter>Tests</Filter>
    </ClCompile>
    <ClCompile Include="Tests\AssImpTestWorld.cpp">
      <Filter>Tests</Filter>
    </ClCompile>
    <ClCompile Include="Math\Lower Math\Mathf.cpp">
      <Filter>Math\Lower Math</Filter>
    </ClCompile>
    <ClCompile Include="Tests\TerrainTestWorld.cpp">
      <Filter>Tests</Filter>
    </ClCompile>
    <ClCompile Include="Rendering\Basic Rendering\BlendMode.cpp">
      <Filter>Rendering\Basic Rendering</Filter>
    </ClCompile>
    <ClCompile Include="Rendering\Basic Rendering\MeshData.cpp">
      <Filter>Rendering\Basic Rendering</Filter>
    </ClCompile>
    <ClCompile Include="Rendering\Basic Rendering\RenderIOAttributes.cpp">
      <Filter>Rendering\Basic Rendering</Filter>
    </ClCompile>
    <ClCompile Include="Rendering\GPU Particles\GPUParticleNodes.cpp">
      <Filter>Rendering\GPU Particles</Filter>
    </ClCompile>
    <ClCompile Include="IO\Serialization.cpp">
      <Filter>IO</Filter>
    </ClCompile>
    <ClCompile Include="Rendering\Basic Rendering\GLVectors.cpp">
      <Filter>Rendering\Basic Rendering</Filter>
    </ClCompile>
    <ClCompile Include="Game Loop\SFMLOpenGLWorld.cpp">
      <Filter>Game Loop</Filter>
    </ClCompile>
    <ClCompile Include="Game Loop\SFMLWorld.cpp">
      <Filter>Game Loop</Filter>
    </ClCompile>
    <ClCompile Include="Toys\TwoTrianglesWorld.cpp">
      <Filter>Toys\Two Triangles</Filter>
    </ClCompile>
    <ClCompile Include="Sample Worlds\OpenGLTestWorld.cpp">
      <Filter>Tests</Filter>
    </ClCompile>
    <ClCompile Include="Rendering\Basic Rendering\Material.cpp">
      <Filter>Rendering\Basic Rendering</Filter>
    </ClCompile>
    <ClCompile Include="Rendering\Basic Rendering\Mesh.cpp">
      <Filter>Rendering\Basic Rendering</Filter>
    </ClCompile>
    <ClCompile Include="Rendering\Basic Rendering\OpenGLIncludes.cpp">
      <Filter>Rendering\Basic Rendering</Filter>
    </ClCompile>
    <ClCompile Include="Rendering\Basic Rendering\RenderInfo.cpp">
      <Filter>Rendering\Basic Rendering</Filter>
    </ClCompile>
    <ClCompile Include="Rendering\Basic Rendering\RenderingState.cpp">
      <Filter>Rendering\Basic Rendering</Filter>
    </ClCompile>
    <ClCompile Include="Rendering\Basic Rendering\ScreenClearer.cpp">
      <Filter>Rendering\Basic Rendering</Filter>
    </ClCompile>
    <ClCompile Include="Rendering\Basic Rendering\UniformCollections.cpp">
      <Filter>Rendering\Basic Rendering</Filter>
    </ClCompile>
    <ClCompile Include="Rendering\Basic Rendering\Vertices.cpp">
      <Filter>Rendering\Basic Rendering</Filter>
    </ClCompile>
    <ClCompile Include="Rendering\Management\RenderTargetManager.cpp">
      <Filter>Rendering\Management</Filter>
    </ClCompile>
    <ClCompile Include="Rendering\Textures\MTexture2D.cpp">
      <Filter>Rendering\Textures</Filter>
    </ClCompile>
    <ClCompile Include="Rendering\Textures\MTexture3D.cpp">
      <Filter>Rendering\Textures</Filter>
    </ClCompile>
    <ClCompile Include="Rendering\Textures\MTextureCubemap.cpp">
      <Filter>Rendering\Textures</Filter>
    </ClCompile>
    <ClCompile Include="Rendering\Textures\RenderTarget.cpp">
      <Filter>Rendering\Textures</Filter>
    </ClCompile>
    <ClCompile Include="Rendering\Textures\TextureSettings.cpp">
      <Filter>Rendering\Textures</Filter>
    </ClCompile>
    <ClCompile Include="Sample Worlds\NoiseTest.cpp">
      <Filter>Tests</Filter>
    </ClCompile>
    <ClCompile Include="Input\MovingCamera.cpp">
      <Filter>Input</Filter>
    </ClCompile>
    <ClCompile Include="Rendering\NoiseToTexture.cpp">
      <Filter>Rendering</Filter>
    </ClCompile>
    <ClCompile Include="Rendering\Data Nodes\DataLine.cpp">
      <Filter>Rendering\Data Nodes</Filter>
    </ClCompile>
    <ClCompile Include="Rendering\Data Nodes\DataNode.cpp">
      <Filter>Rendering\Data Nodes</Filter>
    </ClCompile>
    <ClCompile Include="Rendering\Data Nodes\SerializedMaterial.cpp">
      <Filter>Rendering\Data Nodes</Filter>
    </ClCompile>
    <ClCompile Include="Rendering\Data Nodes\ShaderGenerator.cpp">
      <Filter>Rendering\Data Nodes</Filter>
    </ClCompile>
    <ClCompile Include="Rendering\Data Nodes\Math\AddNode.cpp">
      <Filter>Rendering\Data Nodes\Math</Filter>
    </ClCompile>
    <ClCompile Include="Rendering\Data Nodes\Math\ClampNode.cpp">
      <Filter>Rendering\Data Nodes\Math</Filter>
    </ClCompile>
    <ClCompile Include="Rendering\Data Nodes\Math\CrossNode.cpp">
      <Filter>Rendering\Data Nodes\Math</Filter>
    </ClCompile>
    <ClCompile Include="Rendering\Data Nodes\Math\DistanceNode.cpp">
      <Filter>Rendering\Data Nodes\Math</Filter>
    </ClCompile>
    <ClCompile Include="Rendering\Data Nodes\Math\DivideNode.cpp">
      <Filter>Rendering\Data Nodes\Math</Filter>
    </ClCompile>
    <ClCompile Include="Rendering\Data Nodes\Math\DotNode.cpp">
      <Filter>Rendering\Data Nodes\Math</Filter>
    </ClCompile>
    <ClCompile Include="Rendering\Data Nodes\Math\GetLerpComponentNode.cpp">
      <Filter>Rendering\Data Nodes\Math</Filter>
    </ClCompile>
    <ClCompile Include="Rendering\Data Nodes\Math\InterpolateNode.cpp">
      <Filter>Rendering\Data Nodes\Math</Filter>
    </ClCompile>
    <ClCompile Include="Rendering\Data Nodes\Math\LogNode.cpp">
      <Filter>Rendering\Data Nodes\Math</Filter>
    </ClCompile>
    <ClCompile Include="Rendering\Data Nodes\Math\MaxMinNodes.cpp">
      <Filter>Rendering\Data Nodes\Math</Filter>
    </ClCompile>
    <ClCompile Include="Rendering\Data Nodes\Math\ModuloNode.cpp">
      <Filter>Rendering\Data Nodes\Math</Filter>
    </ClCompile>
    <ClCompile Include="Rendering\Data Nodes\Math\MultiplyNode.cpp">
      <Filter>Rendering\Data Nodes\Math</Filter>
    </ClCompile>
    <ClCompile Include="Rendering\Data Nodes\Math\PowNode.cpp">
      <Filter>Rendering\Data Nodes\Math</Filter>
    </ClCompile>
    <ClCompile Include="Rendering\Data Nodes\Math\ReflectNode.cpp">
      <Filter>Rendering\Data Nodes\Math</Filter>
    </ClCompile>
    <ClCompile Include="Rendering\Data Nodes\Math\RefractNode.cpp">
      <Filter>Rendering\Data Nodes\Math</Filter>
    </ClCompile>
    <ClCompile Include="Rendering\Data Nodes\Math\RemapNode.cpp">
      <Filter>Rendering\Data Nodes\Math</Filter>
    </ClCompile>
    <ClCompile Include="Rendering\Data Nodes\Math\RotateAroundAxisNode.cpp">
      <Filter>Rendering\Data Nodes\Math</Filter>
    </ClCompile>
    <ClCompile Include="Rendering\Data Nodes\Math\SubtractNode.cpp">
      <Filter>Rendering\Data Nodes\Math</Filter>
    </ClCompile>
    <ClCompile Include="Rendering\Data Nodes\Miscellaneous\CombineVectorNode.cpp">
      <Filter>Rendering\Data Nodes\Miscellaneous</Filter>
    </ClCompile>
    <ClCompile Include="Rendering\Data Nodes\Miscellaneous\CustomExpressionNode.cpp">
      <Filter>Rendering\Data Nodes\Miscellaneous</Filter>
    </ClCompile>
    <ClCompile Include="Rendering\Data Nodes\Miscellaneous\LightingNode.cpp">
      <Filter>Rendering\Data Nodes\Miscellaneous</Filter>
    </ClCompile>
    <ClCompile Include="Rendering\Data Nodes\Miscellaneous\SimpleFunctionNodes.cpp">
      <Filter>Rendering\Data Nodes\Miscellaneous</Filter>
    </ClCompile>
    <ClCompile Include="Rendering\Data Nodes\Miscellaneous\SwizzleNode.cpp">
      <Filter>Rendering\Data Nodes\Miscellaneous</Filter>
    </ClCompile>
    <ClCompile Include="Rendering\Data Nodes\Miscellaneous\TangentSpaceNormalsNode.cpp">
      <Filter>Rendering\Data Nodes\Miscellaneous</Filter>
    </ClCompile>
    <ClCompile Include="Rendering\Data Nodes\Miscellaneous\VectorComponentsNode.cpp">
      <Filter>Rendering\Data Nodes\Miscellaneous</Filter>
    </ClCompile>
    <ClCompile Include="Rendering\Data Nodes\Miscellaneous\WhiteNoiseNode.cpp">
      <Filter>Rendering\Data Nodes\Miscellaneous</Filter>
    </ClCompile>
    <ClCompile Include="Rendering\Data Nodes\Parameters\CameraDataNode.cpp">
      <Filter>Rendering\Data Nodes\Parameters</Filter>
    </ClCompile>
    <ClCompile Include="Rendering\Data Nodes\Parameters\FragmentInputNode.cpp">
      <Filter>Rendering\Data Nodes\Parameters</Filter>
    </ClCompile>
    <ClCompile Include="Rendering\Data Nodes\Parameters\GeometryInputNode.cpp">
      <Filter>Rendering\Data Nodes\Parameters</Filter>
    </ClCompile>
    <ClCompile Include="Rendering\Data Nodes\Parameters\LinearizeDepthSampleNode.cpp">
      <Filter>Rendering\Data Nodes\Parameters</Filter>
    </ClCompile>
    <ClCompile Include="Rendering\Data Nodes\Parameters\ParamNode.cpp">
      <Filter>Rendering\Data Nodes\Parameters</Filter>
    </ClCompile>
    <ClCompile Include="Rendering\Data Nodes\Parameters\ProjectionDataNode.cpp">
      <Filter>Rendering\Data Nodes\Parameters</Filter>
    </ClCompile>
    <ClCompile Include="Rendering\Data Nodes\Parameters\ShaderInNode.cpp">
      <Filter>Rendering\Data Nodes\Parameters</Filter>
    </ClCompile>
    <ClCompile Include="Rendering\Data Nodes\Parameters\SpaceConverterNode.cpp">
      <Filter>Rendering\Data Nodes\Parameters</Filter>
    </ClCompile>
    <ClCompile Include="Rendering\Data Nodes\Parameters\TextureSample2DNode.cpp">
      <Filter>Rendering\Data Nodes\Parameters</Filter>
    </ClCompile>
    <ClCompile Include="Rendering\Data Nodes\Parameters\TextureSample3DNode.cpp">
      <Filter>Rendering\Data Nodes\Parameters</Filter>
    </ClCompile>
    <ClCompile Include="Rendering\Data Nodes\Parameters\TextureSampleCubemapNode.cpp">
      <Filter>Rendering\Data Nodes\Parameters</Filter>
    </ClCompile>
    <ClCompile Include="Rendering\Data Nodes\Parameters\TimeNode.cpp">
      <Filter>Rendering\Data Nodes\Parameters</Filter>
    </ClCompile>
    <ClCompile Include="Rendering\Data Nodes\Parameters\VertexInputNode.cpp">
      <Filter>Rendering\Data Nodes\Parameters</Filter>
    </ClCompile>
    <ClCompile Include="Rendering\Primitives\BezierCurve.cpp">
      <Filter>Rendering\Primitives</Filter>
    </ClCompile>
    <ClCompile Include="Rendering\Primitives\CurveVertex.cpp">
      <Filter>Rendering\Primitives</Filter>
    </ClCompile>
    <ClCompile Include="Rendering\Primitives\DrawingQuad.cpp">
      <Filter>Rendering\Primitives</Filter>
    </ClCompile>
    <ClCompile Include="Rendering\Primitives\PrimitiveGenerator.cpp">
      <Filter>Rendering\Primitives</Filter>
    </ClCompile>
    <ClCompile Include="Sample Worlds\SimpleRenderWorld.cpp">
      <Filter>Sample Worlds</Filter>
    </ClCompile>
    <ClCompile Include="Rendering\Basic Rendering\MaterialConstants.cpp">
      <Filter>Rendering\Basic Rendering</Filter>
    </ClCompile>
    <ClCompile Include="Sample Worlds\DataNodeRenderWorld.cpp">
      <Filter>Sample Worlds</Filter>
    </ClCompile>
    <ClCompile Include="Sample Worlds\WaterWorld.cpp">
      <Filter>Sample Worlds</Filter>
    </ClCompile>
    <ClCompile Include="Old Ones\GeoSet.cpp">
      <Filter>Old Ones</Filter>
    </ClCompile>
    <ClCompile Include="Old Ones\WorldObject.cpp">
      <Filter>Old Ones</Filter>
    </ClCompile>
    <ClCompile Include="Old Ones\OldOnesWorld.cpp">
      <Filter>Old Ones</Filter>
    </ClCompile>
    <ClCompile Include="Rendering\Data Nodes\Miscellaneous\ApplyNormalMapNode.cpp">
      <Filter>Rendering\Data Nodes\Miscellaneous</Filter>
    </ClCompile>
    <ClCompile Include="Old Ones\PostProcessing.cpp">
      <Filter>Old Ones</Filter>
    </ClCompile>
    <ClCompile Include="Old Ones\OldOnesSkybox.cpp">
      <Filter>Old Ones</Filter>
    </ClCompile>
    <ClCompile Include="Old Ones\FractalRenderer.cpp">
      <Filter>Old Ones</Filter>
    </ClCompile>
    <ClCompile Include="Old Ones\OldOneShadowMap.cpp">
      <Filter>Old Ones</Filter>
    </ClCompile>
    <ClCompile Include="Rendering\Data Nodes\Parameters\Matrix4fParamNode.cpp">
      <Filter>Rendering\Data Nodes\Parameters</Filter>
    </ClCompile>
    <ClCompile Include="Rendering\Data Nodes\Math\StepNode.cpp">
      <Filter>Rendering\Data Nodes\Math</Filter>
    </ClCompile>
    <ClCompile Include="Rendering\Data Nodes\Parameters\FragDepthNode.cpp">
      <Filter>Rendering\Data Nodes\Parameters</Filter>
    </ClCompile>
    <ClCompile Include="Rendering\Data Nodes\Parameters\FragCoordNode.cpp">
      <Filter>Rendering\Data Nodes\Parameters</Filter>
    </ClCompile>
    <ClCompile Include="Old Ones\MultiDepthTestNode.cpp">
      <Filter>Old Ones</Filter>
    </ClCompile>
    <ClCompile Include="Old Ones\MultiDepthTestNode.cpp">
      <Filter>Old Ones</Filter>
    </ClCompile>
    <ClCompile Include="Old Ones\DemoParticles.cpp">
      <Filter>Old Ones</Filter>
    </ClCompile>
  </ItemGroup>
  <ItemGroup>
    <ClInclude Include="Input\Input Objects\KeyboardBoolInput.h">
      <Filter>Input\Input Objects\Bool Input</Filter>
    </ClInclude>
    <ClInclude Include="Input\Input Objects\Deadzones.h">
      <Filter>Input\Input Objects\Vector2 Input</Filter>
    </ClInclude>
    <ClInclude Include="Input\Input Objects\MouseDeltaVector2Input.h">
      <Filter>Input\Input Objects\Vector2 Input</Filter>
    </ClInclude>
    <ClInclude Include="Input\Input Objects\CompositeVector2Inputs.h">
      <Filter>Input\Input Objects\Vector2 Input</Filter>
    </ClInclude>
    <ClInclude Include="Input\Input Objects\MouseBoolInput.h">
      <Filter>Input\Input Objects\Bool Input</Filter>
    </ClInclude>
    <ClInclude Include="Input\BoolInput.h">
      <Filter>Input\Input Objects</Filter>
    </ClInclude>
    <ClInclude Include="Input\FloatInput.h">
      <Filter>Input\Input Objects</Filter>
    </ClInclude>
    <ClInclude Include="Input\Vector2Input.h">
      <Filter>Input\Input Objects</Filter>
    </ClInclude>
    <ClInclude Include="IO\tinyxml2.h">
      <Filter>IO\tinyxml Library</Filter>
    </ClInclude>
    <ClInclude Include="Input\InputManager.h">
      <Filter>Input</Filter>
    </ClInclude>
    <ClInclude Include="Input\Input.hpp">
      <Filter>Input</Filter>
    </ClInclude>
    <ClInclude Include="Rendering\Rendering.hpp">
      <Filter>Rendering</Filter>
    </ClInclude>
    <ClInclude Include="Math\Higher Math\Camera.h">
      <Filter>Math\Higher Math</Filter>
    </ClInclude>
    <ClInclude Include="Math\Higher Math\ProjectionInfo.h">
      <Filter>Math\Higher Math</Filter>
    </ClInclude>
    <ClInclude Include="Math\Higher Math\Terrain.h">
      <Filter>Math\Higher Math</Filter>
    </ClInclude>
    <ClInclude Include="Math\Higher Math\TransformObject.h">
      <Filter>Math\Higher Math</Filter>
    </ClInclude>
    <ClInclude Include="Math\Noise Generation\BasicGenerators.h">
      <Filter>Math\Noise Generation</Filter>
    </ClInclude>
    <ClInclude Include="Math\Noise Generation\DiamondSquare.h">
      <Filter>Math\Noise Generation</Filter>
    </ClInclude>
    <ClInclude Include="Math\Noise Generation\Interpolator.h">
      <Filter>Math\Noise Generation</Filter>
    </ClInclude>
    <ClInclude Include="Math\Noise Generation\LayeredOctave.h">
      <Filter>Math\Noise Generation</Filter>
    </ClInclude>
    <ClInclude Include="Math\Noise Generation\NoiseCombinations.h">
      <Filter>Math\Noise Generation</Filter>
    </ClInclude>
    <ClInclude Include="Math\Noise Generation\NoiseFilterer.h">
      <Filter>Math\Noise Generation</Filter>
    </ClInclude>
    <ClInclude Include="Math\Noise Generation\NoiseFilterRegion.h">
      <Filter>Math\Noise Generation</Filter>
    </ClInclude>
    <ClInclude Include="Math\Noise Generation\Perlin.h">
      <Filter>Math\Noise Generation</Filter>
    </ClInclude>
    <ClInclude Include="Math\Noise Generation\Worley.h">
      <Filter>Math\Noise Generation</Filter>
    </ClInclude>
    <ClInclude Include="Math\Noise Generation\ColorGradient.h">
      <Filter>Math\Noise Generation\Noise Coloring</Filter>
    </ClInclude>
    <ClInclude Include="Math\Noise Generation\ColorNode.h">
      <Filter>Math\Noise Generation\Noise Coloring</Filter>
    </ClInclude>
    <ClInclude Include="Math\Shapes\Boxes.h">
      <Filter>Math\Shapes</Filter>
    </ClInclude>
    <ClInclude Include="Math\Shapes\ThreeDShapes.h">
      <Filter>Math\Shapes</Filter>
    </ClInclude>
    <ClInclude Include="Math\LowerMath.hpp">
      <Filter>Math</Filter>
    </ClInclude>
    <ClInclude Include="Math\HigherMath.hpp">
      <Filter>Math</Filter>
    </ClInclude>
    <ClInclude Include="Math\Shapes.hpp">
      <Filter>Math</Filter>
    </ClInclude>
    <ClInclude Include="Math\NoiseGeneration.hpp">
      <Filter>Math</Filter>
    </ClInclude>
    <ClInclude Include="Events\EventManager.h">
      <Filter>Events</Filter>
    </ClInclude>
    <ClInclude Include="Events\Timing.h">
      <Filter>Events</Filter>
    </ClInclude>
    <ClInclude Include="Math\Higher Math\BumpmapToNormalmap.h">
      <Filter>Math\Higher Math</Filter>
    </ClInclude>
    <ClInclude Include="OptionalValue.h" />
    <ClInclude Include="Rendering\GUI\FreeTypeHandler.h">
      <Filter>Rendering\GUI</Filter>
    </ClInclude>
    <ClInclude Include="Input\LookRotation.h">
      <Filter>Input</Filter>
    </ClInclude>
    <ClInclude Include="Input\Input Objects\TwoButtonInput.h">
      <Filter>Input\Input Objects\Float Input</Filter>
    </ClInclude>
    <ClInclude Include="Math\Noise Generation\NoiseFilterVolume.h">
      <Filter>Math\Noise Generation</Filter>
    </ClInclude>
    <ClInclude Include="DebugAssist.h" />
    <ClInclude Include="Rendering\GPU Particles\GPUParticleDefines.h">
      <Filter>Rendering\GPU Particles</Filter>
    </ClInclude>
    <ClInclude Include="Rendering\GPU Particles\GPUParticleGenerator.h">
      <Filter>Rendering\GPU Particles</Filter>
    </ClInclude>
    <ClInclude Include="Math\Higher Math\Gradient.h">
      <Filter>Math\Higher Math</Filter>
    </ClInclude>
    <ClInclude Include="Rendering\GUI\TextRenderer.h">
      <Filter>Rendering\GUI</Filter>
    </ClInclude>
    <ClInclude Include="Tests\GUITestWorld.h">
      <Filter>Tests</Filter>
    </ClInclude>
    <ClInclude Include="Rendering\Water\Water.h">
      <Filter>Rendering\Water</Filter>
    </ClInclude>
    <ClInclude Include="Rendering\Water\WaterRendering.h">
      <Filter>Rendering\Water</Filter>
    </ClInclude>
    <ClInclude Include="IO\XmlSerialization.h">
      <Filter>IO</Filter>
    </ClInclude>
    <ClInclude Include="IO\DataSerialization.h">
      <Filter>IO</Filter>
    </ClInclude>
    <ClInclude Include="IO\BinarySerialization.h">
      <Filter>IO</Filter>
    </ClInclude>
    <ClInclude Include="Toys\PlanetSim\PlanetSimCamera.h">
      <Filter>Toys\PlanetSim</Filter>
    </ClInclude>
    <ClInclude Include="Toys\PlanetSim\PlanetSimWorld.h">
      <Filter>Toys\PlanetSim</Filter>
    </ClInclude>
    <ClInclude Include="Toys\PlanetSim\PlanetSimWorldGen.h">
      <Filter>Toys\PlanetSim</Filter>
    </ClInclude>
    <ClInclude Include="Toys\Voxel\ChunkMesh.h">
      <Filter>Toys\Voxels</Filter>
    </ClInclude>
    <ClInclude Include="Toys\Voxel\VoxelCamera.h">
      <Filter>Toys\Voxels</Filter>
    </ClInclude>
    <ClInclude Include="Toys\Voxel\VoxelChunk.h">
      <Filter>Toys\Voxels</Filter>
    </ClInclude>
    <ClInclude Include="Toys\Voxel\VoxelChunkManager.h">
      <Filter>Toys\Voxels</Filter>
    </ClInclude>
    <ClInclude Include="Toys\Voxel\VoxelPlayer.h">
      <Filter>Toys\Voxels</Filter>
    </ClInclude>
    <ClInclude Include="Toys\Voxel\VoxelWorld.h">
      <Filter>Toys\Voxels</Filter>
    </ClInclude>
    <ClInclude Include="Toys\Voxel\VoxelWorldPPC.h">
      <Filter>Toys\Voxels</Filter>
    </ClInclude>
    <ClInclude Include="Rendering\GUI\GUIElement.h">
      <Filter>Rendering\GUI\GUI Elements</Filter>
    </ClInclude>
    <ClInclude Include="Rendering\GUI\GUI Elements\GUILabel.h">
      <Filter>Rendering\GUI\GUI Elements</Filter>
    </ClInclude>
    <ClInclude Include="Rendering\GUI\GUI Elements\GUIPanel.h">
      <Filter>Rendering\GUI\GUI Elements</Filter>
    </ClInclude>
    <ClInclude Include="Rendering\GUI\GUIMaterials.h">
      <Filter>Rendering\GUI</Filter>
    </ClInclude>
    <ClInclude Include="Rendering\GUI\GUI Elements\GUITexture.h">
      <Filter>Rendering\GUI\GUI Elements</Filter>
    </ClInclude>
    <ClInclude Include="Rendering\GUI\GUI Elements\GUISlider.h">
      <Filter>Rendering\GUI\GUI Elements</Filter>
    </ClInclude>
    <ClInclude Include="Rendering\GUI\GUI Elements\GUISelectionBox.h">
      <Filter>Rendering\GUI\GUI Elements</Filter>
    </ClInclude>
    <ClInclude Include="Rendering\GUI\GUIManager.h">
      <Filter>Rendering\GUI</Filter>
    </ClInclude>
    <ClInclude Include="Asset Packaging\AssetPackage.h">
      <Filter>Asset Packaging</Filter>
    </ClInclude>
    <ClInclude Include="Rendering\GUI\GUI Elements\GUIFormattedPanel.h">
      <Filter>Rendering\GUI\GUI Elements</Filter>
    </ClInclude>
    <ClInclude Include="Editor\EditorPanel.h">
      <Filter>Rendering\Editors</Filter>
    </ClInclude>
    <ClInclude Include="Rendering\GUI\GUI Elements\GUITextBox.h">
      <Filter>Rendering\GUI\GUI Elements</Filter>
    </ClInclude>
    <ClInclude Include="Input\KeyboardTextInput.h">
      <Filter>Input</Filter>
    </ClInclude>
    <ClInclude Include="Rendering\GUI\GUI Elements\GUICheckbox.h">
      <Filter>Rendering\GUI\GUI Elements</Filter>
    </ClInclude>
    <ClInclude Include="Editor\EditorMaterialSet.h">
      <Filter>Rendering\Editors</Filter>
    </ClInclude>
    <ClInclude Include="Editor\EditorObject.h">
      <Filter>Rendering\Editors</Filter>
    </ClInclude>
    <ClInclude Include="Editor\EditorObjects.h">
      <Filter>Rendering\Editors</Filter>
    </ClInclude>
    <ClInclude Include="Editor\IEditable.h">
      <Filter>Rendering\Editors</Filter>
    </ClInclude>
    <ClInclude Include="Editor\Editor Panels\ColorEditor.h">
      <Filter>Rendering\Editors\Editor Panels</Filter>
    </ClInclude>
    <ClInclude Include="Editor\DAG Editor\DAGNode.h">
      <Filter>Rendering\Editors\DAG Editor</Filter>
    </ClInclude>
    <ClInclude Include="Editor\DAG Editor\DAGInput.h">
      <Filter>Rendering\Editors\DAG Editor</Filter>
    </ClInclude>
    <ClInclude Include="Math\Shapes\Circle.h">
      <Filter>Math\Shapes</Filter>
    </ClInclude>
    <ClInclude Include="Math\Lower Math\Array3D.h">
      <Filter>Math\Lower Math</Filter>
    </ClInclude>
    <ClInclude Include="Math\Lower Math\FastRand.h">
      <Filter>Math\Lower Math</Filter>
    </ClInclude>
    <ClInclude Include="Math\Lower Math\Interval.h">
      <Filter>Math\Lower Math</Filter>
    </ClInclude>
    <ClInclude Include="Math\Lower Math\Matrix4f.h">
      <Filter>Math\Lower Math</Filter>
    </ClInclude>
    <ClInclude Include="Math\Lower Math\Quaternion.h">
      <Filter>Math\Lower Math</Filter>
    </ClInclude>
    <ClInclude Include="Math\Lower Math\Vectors.h">
      <Filter>Math\Lower Math</Filter>
    </ClInclude>
    <ClInclude Include="Math\Lower Math/Array2D.h">
      <Filter>Math\Lower Math</Filter>
    </ClInclude>
    <ClInclude Include="Oculus Rift\OculusDevice.h">
      <Filter>Oculus Rift</Filter>
    </ClInclude>
    <ClInclude Include="Tests\RiftTestWorld.h">
      <Filter>Tests</Filter>
    </ClInclude>
    <ClInclude Include="Tests\AssImpTestWorld.h">
      <Filter>Tests</Filter>
    </ClInclude>
    <ClInclude Include="Math\Lower Math\Mathf.h">
      <Filter>Math\Lower Math</Filter>
    </ClInclude>
    <ClInclude Include="Math\Higher Math\Geometryf.h">
      <Filter>Math\Higher Math</Filter>
    </ClInclude>
    <ClInclude Include="Tests\TerrainTestWorld.h">
      <Filter>Tests</Filter>
    </ClInclude>
    <ClInclude Include="Rendering\Basic Rendering\BlendMode.h">
      <Filter>Rendering\Basic Rendering</Filter>
    </ClInclude>
    <ClInclude Include="Rendering\Basic Rendering\MeshData.h">
      <Filter>Rendering\Basic Rendering</Filter>
    </ClInclude>
    <ClInclude Include="Rendering\Basic Rendering\RenderIOAttributes.h">
      <Filter>Rendering\Basic Rendering</Filter>
    </ClInclude>
    <ClInclude Include="Rendering\GPU Particles\GPUParticleNodes.h">
      <Filter>Rendering\GPU Particles</Filter>
    </ClInclude>
    <ClInclude Include="IO\Serialization.h">
      <Filter>IO</Filter>
    </ClInclude>
    <ClInclude Include="Game Loop\SFMLOpenGLWorld.h">
      <Filter>Game Loop</Filter>
    </ClInclude>
    <ClInclude Include="Game Loop\SFMLWorld.h">
      <Filter>Game Loop</Filter>
    </ClInclude>
    <ClInclude Include="Toys\TwoTrianglesWorld.h">
      <Filter>Toys\Two Triangles</Filter>
    </ClInclude>
    <ClInclude Include="Sample Worlds\OpenGLTestWorld.h">
      <Filter>Tests</Filter>
    </ClInclude>
    <ClInclude Include="Rendering\Basic Rendering\Material.h">
      <Filter>Rendering\Basic Rendering</Filter>
    </ClInclude>
    <ClInclude Include="Rendering\Basic Rendering\Mesh.h">
      <Filter>Rendering\Basic Rendering</Filter>
    </ClInclude>
    <ClInclude Include="Rendering\Basic Rendering\OpenGLIncludes.h">
      <Filter>Rendering\Basic Rendering</Filter>
    </ClInclude>
    <ClInclude Include="Rendering\Basic Rendering\RenderInfo.h">
      <Filter>Rendering\Basic Rendering</Filter>
    </ClInclude>
    <ClInclude Include="Rendering\Basic Rendering\RenderingState.h">
      <Filter>Rendering\Basic Rendering</Filter>
    </ClInclude>
    <ClInclude Include="Rendering\Basic Rendering\ScreenClearer.h">
      <Filter>Rendering\Basic Rendering</Filter>
    </ClInclude>
    <ClInclude Include="Rendering\Basic Rendering\MaterialUsageFlags.h">
      <Filter>Rendering\Basic Rendering</Filter>
    </ClInclude>
    <ClInclude Include="Rendering\Basic Rendering\UniformCollections.h">
      <Filter>Rendering\Basic Rendering</Filter>
    </ClInclude>
    <ClInclude Include="Rendering\Basic Rendering\Vertices.h">
      <Filter>Rendering\Basic Rendering</Filter>
    </ClInclude>
    <ClInclude Include="Rendering\Management\RenderTargetManager.h">
      <Filter>Rendering\Management</Filter>
    </ClInclude>
    <ClInclude Include="Rendering\Textures\MTexture2D.h">
      <Filter>Rendering\Textures</Filter>
    </ClInclude>
    <ClInclude Include="Rendering\Textures\MTexture3D.h">
      <Filter>Rendering\Textures</Filter>
    </ClInclude>
    <ClInclude Include="Rendering\Textures\MTextureCubemap.h">
      <Filter>Rendering\Textures</Filter>
    </ClInclude>
    <ClInclude Include="Rendering\Textures\RenderTarget.h">
      <Filter>Rendering\Textures</Filter>
    </ClInclude>
    <ClInclude Include="Rendering\Textures\TextureChannels.h">
      <Filter>Rendering\Textures</Filter>
    </ClInclude>
    <ClInclude Include="Rendering\Textures\TextureSettings.h">
      <Filter>Rendering\Textures</Filter>
    </ClInclude>
    <ClInclude Include="Sample Worlds\NoiseTest.h">
      <Filter>Tests</Filter>
    </ClInclude>
    <ClInclude Include="Input\MovingCamera.h">
      <Filter>Input</Filter>
    </ClInclude>
    <ClInclude Include="Rendering\NoiseToTexture.h">
      <Filter>Rendering</Filter>
    </ClInclude>
    <ClInclude Include="Rendering\Texture Management\TextureChannels.h">
      <Filter>Rendering\Textures</Filter>
    </ClInclude>
    <ClInclude Include="Rendering\Basic Rendering\GLVectors.h">
      <Filter>Rendering\Basic Rendering</Filter>
    </ClInclude>
    <ClInclude Include="Rendering\Data Nodes\DataLine.h">
      <Filter>Rendering\Data Nodes</Filter>
    </ClInclude>
    <ClInclude Include="Rendering\Data Nodes\DataNode.h">
      <Filter>Rendering\Data Nodes</Filter>
    </ClInclude>
    <ClInclude Include="Rendering\Data Nodes\DataNodes.hpp">
      <Filter>Rendering\Data Nodes</Filter>
    </ClInclude>
    <ClInclude Include="Rendering\Data Nodes\GeoShaderData.h">
      <Filter>Rendering\Data Nodes</Filter>
    </ClInclude>
    <ClInclude Include="Rendering\Data Nodes\SerializedMaterial.h">
      <Filter>Rendering\Data Nodes</Filter>
    </ClInclude>
    <ClInclude Include="Rendering\Data Nodes\ShaderGenerator.h">
      <Filter>Rendering\Data Nodes</Filter>
    </ClInclude>
    <ClInclude Include="Rendering\Data Nodes\Math\AddNode.h">
      <Filter>Rendering\Data Nodes\Math</Filter>
    </ClInclude>
    <ClInclude Include="Rendering\Data Nodes\Math\ClampNode.h">
      <Filter>Rendering\Data Nodes\Math</Filter>
    </ClInclude>
    <ClInclude Include="Rendering\Data Nodes\Math\CrossNode.h">
      <Filter>Rendering\Data Nodes\Math</Filter>
    </ClInclude>
    <ClInclude Include="Rendering\Data Nodes\Math\DistanceNode.h">
      <Filter>Rendering\Data Nodes\Math</Filter>
    </ClInclude>
    <ClInclude Include="Rendering\Data Nodes\Math\DivideNode.h">
      <Filter>Rendering\Data Nodes\Math</Filter>
    </ClInclude>
    <ClInclude Include="Rendering\Data Nodes\Math\DotNode.h">
      <Filter>Rendering\Data Nodes\Math</Filter>
    </ClInclude>
    <ClInclude Include="Rendering\Data Nodes\Math\GetLerpComponentNode.h">
      <Filter>Rendering\Data Nodes\Math</Filter>
    </ClInclude>
    <ClInclude Include="Rendering\Data Nodes\Math\InterpolateNode.h">
      <Filter>Rendering\Data Nodes\Math</Filter>
    </ClInclude>
    <ClInclude Include="Rendering\Data Nodes\Math\LogNode.h">
      <Filter>Rendering\Data Nodes\Math</Filter>
    </ClInclude>
    <ClInclude Include="Rendering\Data Nodes\Math\MaxMinNodes.h">
      <Filter>Rendering\Data Nodes\Math</Filter>
    </ClInclude>
    <ClInclude Include="Rendering\Data Nodes\Math\ModuloNode.h">
      <Filter>Rendering\Data Nodes\Math</Filter>
    </ClInclude>
    <ClInclude Include="Rendering\Data Nodes\Math\MultiplyNode.h">
      <Filter>Rendering\Data Nodes\Math</Filter>
    </ClInclude>
    <ClInclude Include="Rendering\Data Nodes\Math\PowNode.h">
      <Filter>Rendering\Data Nodes\Math</Filter>
    </ClInclude>
    <ClInclude Include="Rendering\Data Nodes\Math\ReflectNode.h">
      <Filter>Rendering\Data Nodes\Math</Filter>
    </ClInclude>
    <ClInclude Include="Rendering\Data Nodes\Math\RefractNode.h">
      <Filter>Rendering\Data Nodes\Math</Filter>
    </ClInclude>
    <ClInclude Include="Rendering\Data Nodes\Math\RemapNode.h">
      <Filter>Rendering\Data Nodes\Math</Filter>
    </ClInclude>
    <ClInclude Include="Rendering\Data Nodes\Math\RotateAroundAxisNode.h">
      <Filter>Rendering\Data Nodes\Math</Filter>
    </ClInclude>
    <ClInclude Include="Rendering\Data Nodes\Math\SubtractNode.h">
      <Filter>Rendering\Data Nodes\Math</Filter>
    </ClInclude>
    <ClInclude Include="Rendering\Data Nodes\Miscellaneous\CombineVectorNode.h">
      <Filter>Rendering\Data Nodes\Miscellaneous</Filter>
    </ClInclude>
    <ClInclude Include="Rendering\Data Nodes\Miscellaneous\CustomExpressionNode.h">
      <Filter>Rendering\Data Nodes\Miscellaneous</Filter>
    </ClInclude>
    <ClInclude Include="Rendering\Data Nodes\Miscellaneous\LightingNode.h">
      <Filter>Rendering\Data Nodes\Miscellaneous</Filter>
    </ClInclude>
    <ClInclude Include="Rendering\Data Nodes\Miscellaneous\SimpleFunctionNodes.h">
      <Filter>Rendering\Data Nodes\Miscellaneous</Filter>
    </ClInclude>
    <ClInclude Include="Rendering\Data Nodes\Miscellaneous\SwizzleNode.h">
      <Filter>Rendering\Data Nodes\Miscellaneous</Filter>
    </ClInclude>
    <ClInclude Include="Rendering\Data Nodes\Miscellaneous\TangentSpaceNormalsNode.h">
      <Filter>Rendering\Data Nodes\Miscellaneous</Filter>
    </ClInclude>
    <ClInclude Include="Rendering\Data Nodes\Miscellaneous\VectorComponentsNode.h">
      <Filter>Rendering\Data Nodes\Miscellaneous</Filter>
    </ClInclude>
    <ClInclude Include="Rendering\Data Nodes\Miscellaneous\WhiteNoiseNode.h">
      <Filter>Rendering\Data Nodes\Miscellaneous</Filter>
    </ClInclude>
    <ClInclude Include="Rendering\Data Nodes\Parameters\CameraDataNode.h">
      <Filter>Rendering\Data Nodes\Parameters</Filter>
    </ClInclude>
    <ClInclude Include="Rendering\Data Nodes\Parameters\FragmentInputNode.h">
      <Filter>Rendering\Data Nodes\Parameters</Filter>
    </ClInclude>
    <ClInclude Include="Rendering\Data Nodes\Parameters\GeometryInputNode.h">
      <Filter>Rendering\Data Nodes\Parameters</Filter>
    </ClInclude>
    <ClInclude Include="Rendering\Data Nodes\Parameters\LinearizeDepthSampleNode.h">
      <Filter>Rendering\Data Nodes\Parameters</Filter>
    </ClInclude>
    <ClInclude Include="Rendering\Data Nodes\Parameters\ParamNode.h">
      <Filter>Rendering\Data Nodes\Parameters</Filter>
    </ClInclude>
    <ClInclude Include="Rendering\Data Nodes\Parameters\ProjectionDataNode.h">
      <Filter>Rendering\Data Nodes\Parameters</Filter>
    </ClInclude>
    <ClInclude Include="Rendering\Data Nodes\Parameters\ShaderInNode.h">
      <Filter>Rendering\Data Nodes\Parameters</Filter>
    </ClInclude>
    <ClInclude Include="Rendering\Data Nodes\Parameters\SpaceConverterNode.h">
      <Filter>Rendering\Data Nodes\Parameters</Filter>
    </ClInclude>
    <ClInclude Include="Rendering\Data Nodes\Parameters\SubroutineNode.h">
      <Filter>Rendering\Data Nodes\Parameters</Filter>
    </ClInclude>
    <ClInclude Include="Rendering\Data Nodes\Parameters\TextureSample2DNode.h">
      <Filter>Rendering\Data Nodes\Parameters</Filter>
    </ClInclude>
    <ClInclude Include="Rendering\Data Nodes\Parameters\TextureSample3DNode.h">
      <Filter>Rendering\Data Nodes\Parameters</Filter>
    </ClInclude>
    <ClInclude Include="Rendering\Data Nodes\Parameters\TextureSampleCubemapNode.h">
      <Filter>Rendering\Data Nodes\Parameters</Filter>
    </ClInclude>
    <ClInclude Include="Rendering\Data Nodes\Parameters\TimeNode.h">
      <Filter>Rendering\Data Nodes\Parameters</Filter>
    </ClInclude>
    <ClInclude Include="Rendering\Data Nodes\Parameters\VertexInputNode.h">
      <Filter>Rendering\Data Nodes\Parameters</Filter>
    </ClInclude>
    <ClInclude Include="Rendering\Primitives\BezierCurve.h">
      <Filter>Rendering\Primitives</Filter>
    </ClInclude>
    <ClInclude Include="Rendering\Primitives\CurveVertex.h">
      <Filter>Rendering\Primitives</Filter>
    </ClInclude>
    <ClInclude Include="Rendering\Primitives\DrawingQuad.h">
      <Filter>Rendering\Primitives</Filter>
    </ClInclude>
    <ClInclude Include="Rendering\Primitives\PrimitiveGenerator.h">
      <Filter>Rendering\Primitives</Filter>
    </ClInclude>
    <ClInclude Include="Sample Worlds\SimpleRenderWorld.h">
      <Filter>Sample Worlds</Filter>
    </ClInclude>
    <ClInclude Include="Rendering\Basic Rendering\MaterialConstants.h">
      <Filter>Rendering\Basic Rendering</Filter>
    </ClInclude>
    <ClInclude Include="Sample Worlds\DataNodeRenderWorld.h">
      <Filter>Sample Worlds</Filter>
    </ClInclude>
    <ClInclude Include="Sample Worlds\WaterWorld.h">
      <Filter>Sample Worlds</Filter>
    </ClInclude>
    <ClInclude Include="Old Ones\GeoSet.h">
      <Filter>Old Ones</Filter>
    </ClInclude>
    <ClInclude Include="Old Ones\WorldObject.h">
      <Filter>Old Ones</Filter>
    </ClInclude>
    <ClInclude Include="Old Ones\OldOnesWorld.h">
      <Filter>Old Ones</Filter>
    </ClInclude>
    <ClInclude Include="Rendering\Data Nodes\Miscellaneous\ApplyNormalMapNode.h">
      <Filter>Rendering\Data Nodes\Miscellaneous</Filter>
    </ClInclude>
    <ClInclude Include="Old Ones\PostProcessing.h">
      <Filter>Old Ones</Filter>
    </ClInclude>
    <ClInclude Include="Old Ones\OldOnesSkybox.h">
      <Filter>Old Ones</Filter>
    </ClInclude>
    <ClInclude Include="Old Ones\FractalRenderer.h">
      <Filter>Old Ones</Filter>
    </ClInclude>
    <ClInclude Include="Old Ones\OldOneShadowMap.h">
      <Filter>Old Ones</Filter>
    </ClInclude>
    <ClInclude Include="Rendering\Data Nodes\Parameters\Matrix4fParamNode.h">
      <Filter>Rendering\Data Nodes\Parameters</Filter>
    </ClInclude>
    <ClInclude Include="Rendering\Data Nodes\Math\StepNode.h">
      <Filter>Rendering\Data Nodes\Math</Filter>
    </ClInclude>
    <ClInclude Include="Rendering\Data Nodes\Parameters\FragDepthNode.h">
      <Filter>Rendering\Data Nodes\Parameters</Filter>
    </ClInclude>
    <ClInclude Include="Rendering\Data Nodes\Parameters\FragCoordNode.h">
      <Filter>Rendering\Data Nodes\Parameters</Filter>
    </ClInclude>
    <ClInclude Include="Old Ones\MultiDepthTestNode.h">
      <Filter>Old Ones</Filter>
    </ClInclude>
    <ClInclude Include="Old Ones\MultiDepthTestNode.h">
      <Filter>Old Ones</Filter>
    </ClInclude>
    <ClInclude Include="Old Ones\DemoParticles.h">
      <Filter>Old Ones</Filter>
    </ClInclude>
  </ItemGroup>
  <ItemGroup>
    <Filter Include="Math">
      <UniqueIdentifier>{7424e331-87d1-4987-acf9-b98a2549259e}</UniqueIdentifier>
    </Filter>
    <Filter Include="Math\Noise Generation">
      <UniqueIdentifier>{dcf3a9f4-2e45-419b-9322-3a4fa7686864}</UniqueIdentifier>
    </Filter>
    <Filter Include="Math\Noise Generation\Noise Coloring">
      <UniqueIdentifier>{db2ff582-7d50-4f1e-bc51-74e4605fec2d}</UniqueIdentifier>
    </Filter>
    <Filter Include="Math\Shapes">
      <UniqueIdentifier>{d3a505b7-f782-4bb9-8d96-9d0eeb45aa42}</UniqueIdentifier>
    </Filter>
    <Filter Include="Math\Higher Math">
      <UniqueIdentifier>{977d905e-3054-4196-b423-4c0d8d5da765}</UniqueIdentifier>
    </Filter>
    <Filter Include="Input">
      <UniqueIdentifier>{b872daea-bb08-4de0-9136-bbf9c4c11796}</UniqueIdentifier>
    </Filter>
    <Filter Include="Input\Input Objects">
      <UniqueIdentifier>{bbfc7a37-90f3-4931-96e8-8be03d802388}</UniqueIdentifier>
    </Filter>
    <Filter Include="Input\Input Objects\Vector2 Input">
      <UniqueIdentifier>{7b41c42e-2003-42c0-85f4-6584bf5776e4}</UniqueIdentifier>
    </Filter>
    <Filter Include="Input\Input Objects\Bool Input">
      <UniqueIdentifier>{d08e6c43-a25e-48f5-b988-5cb6799ffa63}</UniqueIdentifier>
    </Filter>
    <Filter Include="Input\Input Objects\Float Input">
      <UniqueIdentifier>{17326263-49f3-495b-b423-5aa54203aba3}</UniqueIdentifier>
    </Filter>
    <Filter Include="Rendering">
      <UniqueIdentifier>{077822c2-7114-45a1-9e61-f6a8b548b692}</UniqueIdentifier>
    </Filter>
    <Filter Include="Tests">
      <UniqueIdentifier>{3418affd-fce4-41be-84fa-6388382bbf75}</UniqueIdentifier>
    </Filter>
    <Filter Include="Events">
      <UniqueIdentifier>{95bef7da-4bab-4a10-9f0f-306b3c80aa15}</UniqueIdentifier>
    </Filter>
    <Filter Include="Rendering\GUI">
      <UniqueIdentifier>{c8b64acb-b386-4277-a154-8f47c09c666b}</UniqueIdentifier>
    </Filter>
    <Filter Include="Rendering\GPU Particles">
      <UniqueIdentifier>{215761ec-d5e7-4ef2-9067-f3077de54bd2}</UniqueIdentifier>
    </Filter>
    <Filter Include="Rendering\Water">
      <UniqueIdentifier>{3b14cde5-1c67-4405-bc5d-ed63a93d0054}</UniqueIdentifier>
    </Filter>
    <Filter Include="IO">
      <UniqueIdentifier>{8dc0e115-bfb4-46f2-b6f5-e0c3b762de30}</UniqueIdentifier>
    </Filter>
    <Filter Include="IO\tinyxml Library">
      <UniqueIdentifier>{e4f7dc4f-85f9-4536-b6db-5f9c56013c8a}</UniqueIdentifier>
    </Filter>
    <Filter Include="Toys">
      <UniqueIdentifier>{052fb4db-3157-48e3-806e-100b8c831aa1}</UniqueIdentifier>
    </Filter>
    <Filter Include="Toys\Voxels">
      <UniqueIdentifier>{8ab7af21-70a9-4b01-b23e-8ef373245d7d}</UniqueIdentifier>
    </Filter>
    <Filter Include="Toys\PlanetSim">
      <UniqueIdentifier>{9e62b9a7-1a62-464d-b3bc-9729f3923e0b}</UniqueIdentifier>
    </Filter>
    <Filter Include="Rendering\GUI\GUI Elements">
      <UniqueIdentifier>{ec92b068-e8ad-47a7-befa-6d2057a7ab49}</UniqueIdentifier>
    </Filter>
    <Filter Include="Asset Packaging">
      <UniqueIdentifier>{6ac83a61-b2e1-4f2a-bf8f-d1eb1e9ae1cf}</UniqueIdentifier>
    </Filter>
    <Filter Include="Math\Lower Math">
      <UniqueIdentifier>{65986f31-c477-4577-a486-3d5206df0a9c}</UniqueIdentifier>
    </Filter>
    <Filter Include="Oculus Rift">
      <UniqueIdentifier>{b2f214a1-17d3-4baa-adc6-64d16b442ad0}</UniqueIdentifier>
    </Filter>
    <Filter Include="Toys\Two Triangles">
      <UniqueIdentifier>{3508bde8-92db-4455-83bd-8647a08958b7}</UniqueIdentifier>
    </Filter>
    <Filter Include="Toys\Two Triangles\Shaders">
      <UniqueIdentifier>{6abf4684-7d9c-450f-9987-6f4cbe1a09b8}</UniqueIdentifier>
    </Filter>
    <Filter Include="Rendering\Basic Rendering">
      <UniqueIdentifier>{8ad55c55-4ca2-43dd-bfea-912c2bee8b5c}</UniqueIdentifier>
    </Filter>
    <Filter Include="Rendering\Textures">
      <UniqueIdentifier>{2e9a24e0-4aee-4777-9c35-afe630868075}</UniqueIdentifier>
    </Filter>
    <Filter Include="Rendering\Management">
      <UniqueIdentifier>{8ac23e0c-c348-4f0d-a0c1-e092b081748c}</UniqueIdentifier>
    </Filter>
    <Filter Include="Rendering\Data Nodes">
      <UniqueIdentifier>{a5ab7fb2-95fe-443f-a7cd-b7f65bb8e0c9}</UniqueIdentifier>
    </Filter>
    <Filter Include="Rendering\Data Nodes\Math">
      <UniqueIdentifier>{89ba6ab3-54f0-441b-916c-03b4fa298a9c}</UniqueIdentifier>
    </Filter>
    <Filter Include="Rendering\Data Nodes\Parameters">
      <UniqueIdentifier>{637eb3fd-211d-48da-a50f-af946eabc75a}</UniqueIdentifier>
    </Filter>
    <Filter Include="Rendering\Data Nodes\Miscellaneous">
      <UniqueIdentifier>{cbed0f25-2a3e-49c5-99d3-90316bb497bb}</UniqueIdentifier>
    </Filter>
    <Filter Include="Rendering\Primitives">
      <UniqueIdentifier>{8961cf2e-efb8-4fdd-a20e-b213dd2f0cbd}</UniqueIdentifier>
    </Filter>
    <Filter Include="Game Loop">
      <UniqueIdentifier>{081f6e00-12b3-42b1-8c96-87eb066e25de}</UniqueIdentifier>
    </Filter>
    <Filter Include="Rendering\Editors">
      <UniqueIdentifier>{e2dce602-daaf-4ec7-95de-2ef979573e7b}</UniqueIdentifier>
    </Filter>
    <Filter Include="Rendering\Editors\Editor Panels">
      <UniqueIdentifier>{27d624c8-459b-41ab-bb82-b8940f4d7ec6}</UniqueIdentifier>
    </Filter>
    <Filter Include="Rendering\Editors\DAG Editor">
      <UniqueIdentifier>{d6c6e1ca-c0d4-48f4-a73e-f538fbdb9b8e}</UniqueIdentifier>
    </Filter>
    <Filter Include="Sample Worlds">
      <UniqueIdentifier>{4ab065bd-152d-485c-bdf3-a1e684e0dfe5}</UniqueIdentifier>
    </Filter>
    <Filter Include="Old Ones">
      <UniqueIdentifier>{a1bbde6c-2474-4533-a779-2a28fddee3dd}</UniqueIdentifier>
    </Filter>
  </ItemGroup>
  <ItemGroup>
    <Text Include="water2d.txt">
      <Filter>Toys\Two Triangles\Shaders</Filter>
    </Text>
    <Text Include="raymarcheddistancefunc.txt">
      <Filter>Toys\Two Triangles\Shaders</Filter>
    </Text>
    <Text Include="raymarchedterrain.txt">
      <Filter>Toys\Two Triangles\Shaders</Filter>
    </Text>
    <Text Include="fbm.txt">
      <Filter>Toys\Two Triangles\Shaders</Filter>
    </Text>
    <Text Include="mandlebrot.txt">
      <Filter>Toys\Two Triangles\Shaders</Filter>
    </Text>
    <Text Include="Test.txt">
      <Filter>Toys\Two Triangles\Shaders</Filter>
    </Text>
    <Text Include="RMDFFun.txt">
      <Filter>Toys\Two Triangles\Shaders</Filter>
    </Text>
    <Text Include="t.txt">
      <Filter>Toys\Two Triangles\Shaders</Filter>
    </Text>
    <Text Include="Perlin.txt">
      <Filter>Toys\Two Triangles\Shaders</Filter>
    </Text>
    <Text Include="..\Dependencies\Include In Build\Universal\Content\Old Ones\Old One Frag Shader Body.txt">
      <Filter>Old Ones</Filter>
    </Text>
  </ItemGroup>
</Project>