<?xml version="1.0" encoding="utf-8"?>
<Project ToolsVersion="4.0" xmlns="http://schemas.microsoft.com/developer/msbuild/2003">
  <ItemGroup>
    <ClCompile Include="main.cpp" />
    <ClCompile Include="SFMLWorld.cpp">
      <Filter>Worlds</Filter>
    </ClCompile>
    <ClCompile Include="SFMLOpenGLWorld.cpp">
      <Filter>Worlds</Filter>
    </ClCompile>
    <ClCompile Include="NoiseTest.cpp">
      <Filter>Tests</Filter>
    </ClCompile>
    <ClCompile Include="OpenGLTestWorld.cpp">
      <Filter>Tests</Filter>
    </ClCompile>
    <ClCompile Include="TerrainWalkCamera.cpp">
      <Filter>Tests</Filter>
    </ClCompile>
    <ClCompile Include="MGame.cpp">
      <Filter>MGame</Filter>
    </ClCompile>
    <ClCompile Include="BasicMComponents.cpp">
      <Filter>MGame</Filter>
    </ClCompile>
    <ClCompile Include="BasicMComponentFactories.cpp">
      <Filter>MGame</Filter>
    </ClCompile>
    <ClCompile Include="MGameMaterialManager.cpp">
      <Filter>MGame</Filter>
    </ClCompile>
    <ClCompile Include="TwoTrianglesWorld.cpp">
      <Filter>Two Triangles</Filter>
    </ClCompile>
    <ClCompile Include="OpenGLIncludes.cpp">
      <Filter>Rendering\Helper Classes</Filter>
    </ClCompile>
    <ClCompile Include="RenderDataHandler.cpp">
      <Filter>Rendering\Helper Classes</Filter>
    </ClCompile>
    <ClCompile Include="RenderingState.cpp">
      <Filter>Rendering\Helper Classes</Filter>
    </ClCompile>
    <ClCompile Include="ScreenClearer.cpp">
      <Filter>Rendering\Helper Classes</Filter>
    </ClCompile>
    <ClCompile Include="ShaderHandler.cpp">
      <Filter>Rendering\Helper Classes</Filter>
    </ClCompile>
    <ClCompile Include="Material.cpp">
      <Filter>Rendering\Materials</Filter>
    </ClCompile>
    <ClCompile Include="Mesh.cpp">
      <Filter>Rendering\Materials</Filter>
    </ClCompile>
    <ClCompile Include="Vertices.cpp">
      <Filter>Rendering\Materials</Filter>
    </ClCompile>
    <ClCompile Include="Input\Input Objects\MouseDeltaVector2Input.cpp">
      <Filter>Input\Input Objects\Vector2 Input</Filter>
    </ClCompile>
    <ClCompile Include="Input\Input Objects\CompositeVector2Inputs.cpp">
      <Filter>Input\Input Objects\Vector2 Input</Filter>
    </ClCompile>
    <ClCompile Include="IO\tinyxml2.cpp">
      <Filter>XML IO\tinyxml Library</Filter>
    </ClCompile>
    <ClCompile Include="IO\DataSerializer.cpp">
      <Filter>XML IO</Filter>
    </ClCompile>
    <ClCompile Include="MovingCamera.cpp">
      <Filter>Input</Filter>
    </ClCompile>
    <ClCompile Include="Math\BasicMath.cpp">
      <Filter>Math\Basic Math</Filter>
    </ClCompile>
    <ClCompile Include="Math\CachedFunc.cpp">
      <Filter>Math\Basic Math</Filter>
    </ClCompile>
    <ClCompile Include="Math\FastRand.cpp">
      <Filter>Math\Basic Math</Filter>
    </ClCompile>
    <ClCompile Include="Math\Interval.cpp">
      <Filter>Math\Basic Math</Filter>
    </ClCompile>
    <ClCompile Include="Math\Matrix4f.cpp">
      <Filter>Math\Basic Math</Filter>
    </ClCompile>
    <ClCompile Include="Math\Quaternion.cpp">
      <Filter>Math\Basic Math</Filter>
    </ClCompile>
    <ClCompile Include="Math\Vectors.cpp">
      <Filter>Math\Basic Math</Filter>
    </ClCompile>
    <ClCompile Include="Math\Higher Math\Camera.cpp">
      <Filter>Math\Higher Math</Filter>
    </ClCompile>
    <ClCompile Include="Math\Higher Math\GeometricMath.cpp">
      <Filter>Math\Higher Math</Filter>
    </ClCompile>
    <ClCompile Include="Math\Higher Math\Lighting.cpp">
      <Filter>Math\Higher Math</Filter>
    </ClCompile>
    <ClCompile Include="Math\Higher Math\Terrain.cpp">
      <Filter>Math\Higher Math</Filter>
    </ClCompile>
    <ClCompile Include="Math\Higher Math\TransformObject.cpp">
      <Filter>Math\Higher Math</Filter>
    </ClCompile>
    <ClCompile Include="Math\Noise Generation\BasicGenerators.cpp">
      <Filter>Math\Noise Generation</Filter>
    </ClCompile>
    <ClCompile Include="Math\Noise Generation\DiamondSquare.cpp">
      <Filter>Math\Noise Generation</Filter>
    </ClCompile>
    <ClCompile Include="Math\Noise Generation\Interpolator.cpp">
      <Filter>Math\Noise Generation</Filter>
    </ClCompile>
    <ClCompile Include="Math\Noise Generation\LayeredOctave.cpp">
      <Filter>Math\Noise Generation</Filter>
    </ClCompile>
    <ClCompile Include="Math\Noise Generation\NoiseCombinations.cpp">
      <Filter>Math\Noise Generation</Filter>
    </ClCompile>
    <ClCompile Include="Math\Noise Generation\NoiseFilterer.cpp">
      <Filter>Math\Noise Generation</Filter>
    </ClCompile>
    <ClCompile Include="Math\Noise Generation\NoiseFilterRegion.cpp">
      <Filter>Math\Noise Generation</Filter>
    </ClCompile>
    <ClCompile Include="Math\Noise Generation\Perlin.cpp">
      <Filter>Math\Noise Generation</Filter>
    </ClCompile>
    <ClCompile Include="Math\Noise Generation\Worley.cpp">
      <Filter>Math\Noise Generation</Filter>
    </ClCompile>
    <ClCompile Include="Math\Noise Generation\ColorGradient.cpp">
      <Filter>Math\Noise Generation\Noise Coloring</Filter>
    </ClCompile>
    <ClCompile Include="Math\Noise Generation\ColorNode.cpp">
      <Filter>Math\Noise Generation\Noise Coloring</Filter>
    </ClCompile>
    <ClCompile Include="Math\Shapes\Boxes.cpp">
      <Filter>Math\Shapes</Filter>
    </ClCompile>
    <ClCompile Include="Math\Shapes\ThreeDShapes.cpp">
      <Filter>Math\Shapes</Filter>
    </ClCompile>
    <ClCompile Include="Foliage.cpp">
      <Filter>Rendering\Objects</Filter>
    </ClCompile>
    <ClCompile Include="Rendering\Objects\Water.cpp">
      <Filter>Rendering\Objects</Filter>
    </ClCompile>
    <ClCompile Include="Events\Timing.cpp">
      <Filter>Events</Filter>
    </ClCompile>
    <ClCompile Include="Math\Higher Math\BumpmapToNormalmap.cpp">
      <Filter>Math\Higher Math</Filter>
    </ClCompile>
    <ClCompile Include="TextureSettings.cpp">
      <Filter>Rendering\Texture Management</Filter>
    </ClCompile>
    <ClCompile Include="Rendering\Texture Management\TextureConverters.cpp">
      <Filter>Rendering\Texture Management</Filter>
    </ClCompile>
    <ClCompile Include="Tests\TwoDOpenGLTest.cpp">
      <Filter>Tests</Filter>
    </ClCompile>
    <ClCompile Include="Rendering\Helper Classes\DrawingQuad.cpp">
      <Filter>Rendering\Helper Classes</Filter>
    </ClCompile>
    <ClCompile Include="Rendering\Materials\Data Nodes\DataNode.cpp">
      <Filter>Rendering\Materials\Data Nodes</Filter>
    </ClCompile>
    <ClCompile Include="Rendering\Materials\Data Nodes\Math\AddNode.cpp">
      <Filter>Rendering\Materials\Data Nodes\Math</Filter>
    </ClCompile>
    <ClCompile Include="Rendering\Materials\Data Nodes\Vector.cpp">
      <Filter>Rendering\Materials\Data Nodes</Filter>
    </ClCompile>
    <ClCompile Include="Rendering\Materials\Data Nodes\DataLine.cpp">
      <Filter>Rendering\Materials\Data Nodes</Filter>
    </ClCompile>
    <ClCompile Include="Rendering\Materials\Data Nodes\Math\SubtractNode.cpp">
      <Filter>Rendering\Materials\Data Nodes\Math</Filter>
    </ClCompile>
    <ClCompile Include="Rendering\Materials\Data Nodes\Math\MultiplyNode.cpp">
      <Filter>Rendering\Materials\Data Nodes\Math</Filter>
    </ClCompile>
    <ClCompile Include="Rendering\Materials\Data Nodes\Math\DivideNode.cpp">
      <Filter>Rendering\Materials\Data Nodes\Math</Filter>
    </ClCompile>
    <ClCompile Include="Rendering\Materials\Data Nodes\Math\InterpolateNode.cpp">
      <Filter>Rendering\Materials\Data Nodes\Math</Filter>
    </ClCompile>
    <ClCompile Include="Rendering\Materials\MaterialData.cpp">
      <Filter>Rendering\Materials</Filter>
    </ClCompile>
    <ClCompile Include="Rendering\Materials\Data Nodes\Math\LogNode.cpp">
      <Filter>Rendering\Materials\Data Nodes\Math</Filter>
    </ClCompile>
    <ClCompile Include="Rendering\Materials\Data Nodes\Miscellaneous\WhiteNoiseNode.cpp">
      <Filter>Rendering\Materials\Data Nodes\Miscellaneous</Filter>
    </ClCompile>
    <ClCompile Include="Rendering\Materials\Data Nodes\Parameters\CameraDataNode.cpp">
      <Filter>Rendering\Materials\Data Nodes\Parameters</Filter>
    </ClCompile>
    <ClCompile Include="Rendering\Materials\Data Nodes\Parameters\TextureSampleNode.cpp">
      <Filter>Rendering\Materials\Data Nodes\Parameters</Filter>
    </ClCompile>
    <ClCompile Include="Rendering\Materials\Data Nodes\Miscellaneous\CombineVectorNode.cpp">
      <Filter>Rendering\Materials\Data Nodes\Miscellaneous</Filter>
    </ClCompile>
    <ClCompile Include="Rendering\Materials\Data Nodes\Miscellaneous\VectorComponentsNode.cpp">
      <Filter>Rendering\Materials\Data Nodes\Miscellaneous</Filter>
    </ClCompile>
    <ClCompile Include="Rendering\Materials\Data Nodes\ShaderGenerator.cpp">
      <Filter>Rendering\Materials\Data Nodes</Filter>
    </ClCompile>
    <ClCompile Include="Rendering\Materials\RenderingModes.cpp">
      <Filter>Rendering\Materials</Filter>
    </ClCompile>
    <ClCompile Include="Rendering\Materials\UniformCollections.cpp">
      <Filter>Rendering\Materials</Filter>
    </ClCompile>
    <ClCompile Include="Rendering\PostProcessing\PostProcessData.cpp">
      <Filter>Rendering\Post-Processing</Filter>
    </ClCompile>
    <ClCompile Include="Rendering\PostProcessing\PostProcessChain.cpp">
      <Filter>Rendering\Post-Processing</Filter>
    </ClCompile>
    <ClCompile Include="Rendering\Materials\Data Nodes\Parameters\ProjectionDataNode.cpp">
      <Filter>Rendering\Materials\Data Nodes\Parameters</Filter>
    </ClCompile>
    <ClCompile Include="RenderTarget.cpp">
      <Filter>Rendering\Texture Management</Filter>
    </ClCompile>
    <ClCompile Include="Rendering\Texture Management\RenderTargetManager.cpp">
      <Filter>Rendering\Texture Management</Filter>
    </ClCompile>
    <ClCompile Include="Rendering\Texture Management\TextureManager.cpp">
      <Filter>Rendering\Texture Management</Filter>
    </ClCompile>
    <ClCompile Include="Rendering\Texture Management\ManbilTexture.cpp">
      <Filter>Rendering\Texture Management</Filter>
    </ClCompile>
    <ClCompile Include="Voxel\VoxelChunk.cpp">
      <Filter>Voxels</Filter>
    </ClCompile>
    <ClCompile Include="Voxel\VoxelWorld.cpp">
      <Filter>Voxels</Filter>
    </ClCompile>
    <ClCompile Include="Voxel\ChunkMesh.cpp">
      <Filter>Voxels</Filter>
    </ClCompile>
    <ClCompile Include="Voxel\VoxelChunkManager.cpp">
      <Filter>Voxels</Filter>
    </ClCompile>
    <ClCompile Include="Voxel\VoxelCamera.cpp">
      <Filter>Voxels</Filter>
    </ClCompile>
    <ClCompile Include="Input\LookRotation.cpp">
      <Filter>Input</Filter>
    </ClCompile>
    <ClCompile Include="Voxel\VoxelPlayer.cpp">
      <Filter>Voxels</Filter>
    </ClCompile>
    <ClCompile Include="Math\Noise Generation\NoiseFilterVolume.cpp">
      <Filter>Math\Noise Generation</Filter>
    </ClCompile>
    <ClCompile Include="Rendering\Materials\Data Nodes\Parameters\ShaderComputationNodes.cpp">
      <Filter>Rendering\Materials\Data Nodes\Parameters</Filter>
    </ClCompile>
    <ClCompile Include="Rendering\Materials\Data Nodes\Miscellaneous\LightingNode.cpp">
      <Filter>Rendering\Materials\Data Nodes\Miscellaneous</Filter>
    </ClCompile>
    <ClCompile Include="Rendering\Objects\WaterRendering.cpp">
      <Filter>Rendering\Objects</Filter>
    </ClCompile>
    <ClCompile Include="Voxel\VoxelWorldPPC.cpp">
      <Filter>Voxels</Filter>
    </ClCompile>
    <ClCompile Include="Rendering\PrimitiveGenerator.cpp">
      <Filter>Rendering</Filter>
    </ClCompile>
    <ClCompile Include="DebugAssist.cpp" />
    <ClCompile Include="Oculus\OculusDevice.cpp">
      <Filter>Oculus Rift Stuff</Filter>
    </ClCompile>
    <ClCompile Include="Rendering\Materials\Data Nodes\Miscellaneous\DataNodeGenerators.cpp">
      <Filter>Rendering\Materials\Data Nodes\Miscellaneous</Filter>
    </ClCompile>
    <ClCompile Include="Rendering\GPU Particles\GPUParticleDefines.cpp">
      <Filter>Rendering\GPU Particles</Filter>
    </ClCompile>
    <ClCompile Include="Rendering\GPU Particles\GPUParticleGenerator.cpp">
      <Filter>Rendering\GPU Particles</Filter>
    </ClCompile>
    <ClCompile Include="Rendering\Materials\Data Nodes\Parameters\ShaderInNode.cpp">
      <Filter>Rendering\Materials\Data Nodes\Parameters</Filter>
    </ClCompile>
    <ClCompile Include="Rendering\GPU Particles\High-level GPU Particles\SpecialHGPComponents.cpp">
      <Filter>Rendering\GPU Particles\High-level GPU Particles</Filter>
    </ClCompile>
    <ClCompile Include="Rendering\GPU Particles\High-level GPU Particles\HGPOutputComponent.cpp">
      <Filter>Rendering\GPU Particles\High-level GPU Particles</Filter>
    </ClCompile>
    <ClCompile Include="NoiseToTexture.cpp">
      <Filter>Rendering\Texture Management</Filter>
    </ClCompile>
    <ClCompile Include="Rendering\GUI\TextRenderer.cpp">
      <Filter>Rendering\GUI</Filter>
    </ClCompile>
    <ClCompile Include="Rendering\GUI\FreeTypeHandler.cpp">
      <Filter>Rendering\GUI</Filter>
    </ClCompile>
    <ClCompile Include="Tests\GUITestWorld.cpp">
      <Filter>Tests</Filter>
    </ClCompile>
    <ClCompile Include="Rendering\GUI\GUIElement.cpp">
      <Filter>Rendering\GUI</Filter>
    </ClCompile>
  </ItemGroup>
  <ItemGroup>
    <ClInclude Include="SFMLWorld.h">
      <Filter>Worlds</Filter>
    </ClInclude>
    <ClInclude Include="SFMLOpenGLWorld.h">
      <Filter>Worlds</Filter>
    </ClInclude>
    <ClInclude Include="NoiseTest.h">
      <Filter>Tests</Filter>
    </ClInclude>
    <ClInclude Include="OpenGLTestWorld.h">
      <Filter>Tests</Filter>
    </ClInclude>
    <ClInclude Include="TerrainWalkCamera.h">
      <Filter>Tests</Filter>
    </ClInclude>
    <ClInclude Include="MGame.h">
      <Filter>MGame</Filter>
    </ClInclude>
    <ClInclude Include="MGameForwardDeclarations.h">
      <Filter>MGame</Filter>
    </ClInclude>
    <ClInclude Include="RenderInfo.h">
      <Filter>Worlds</Filter>
    </ClInclude>
    <ClInclude Include="BasicMComponents.h">
      <Filter>MGame</Filter>
    </ClInclude>
    <ClInclude Include="BasicMComponentFactories.h">
      <Filter>MGame</Filter>
    </ClInclude>
    <ClInclude Include="MGameMaterialManager.h">
      <Filter>MGame</Filter>
    </ClInclude>
    <ClInclude Include="TwoTrianglesWorld.h">
      <Filter>Two Triangles</Filter>
    </ClInclude>
    <ClInclude Include="OpenGLIncludes.h">
      <Filter>Rendering\Helper Classes</Filter>
    </ClInclude>
    <ClInclude Include="RenderDataHandler.h">
      <Filter>Rendering\Helper Classes</Filter>
    </ClInclude>
    <ClInclude Include="RenderingState.h">
      <Filter>Rendering\Helper Classes</Filter>
    </ClInclude>
    <ClInclude Include="ScreenClearer.h">
      <Filter>Rendering\Helper Classes</Filter>
    </ClInclude>
    <ClInclude Include="ShaderHandler.h">
      <Filter>Rendering\Helper Classes</Filter>
    </ClInclude>
    <ClInclude Include="Material.h">
      <Filter>Rendering\Materials</Filter>
    </ClInclude>
    <ClInclude Include="Mesh.h">
      <Filter>Rendering\Materials</Filter>
    </ClInclude>
    <ClInclude Include="Vertices.h">
      <Filter>Rendering\Materials</Filter>
    </ClInclude>
    <ClInclude Include="Input\Input Objects\KeyboardBoolInput.h">
      <Filter>Input\Input Objects\Bool Input</Filter>
    </ClInclude>
    <ClInclude Include="Input\Input Objects\Deadzones.h">
      <Filter>Input\Input Objects\Vector2 Input</Filter>
    </ClInclude>
    <ClInclude Include="Input\Input Objects\MouseDeltaVector2Input.h">
      <Filter>Input\Input Objects\Vector2 Input</Filter>
    </ClInclude>
    <ClInclude Include="Input\Input Objects\CompositeVector2Inputs.h">
      <Filter>Input\Input Objects\Vector2 Input</Filter>
    </ClInclude>
    <ClInclude Include="Input\Input Objects\MouseBoolInput.h">
      <Filter>Input\Input Objects\Bool Input</Filter>
    </ClInclude>
    <ClInclude Include="Input\BoolInput.h">
      <Filter>Input\Input Objects</Filter>
    </ClInclude>
    <ClInclude Include="Input\FloatInput.h">
      <Filter>Input\Input Objects</Filter>
    </ClInclude>
    <ClInclude Include="Input\Vector2Input.h">
      <Filter>Input\Input Objects</Filter>
    </ClInclude>
    <ClInclude Include="IO\tinyxml2.h">
      <Filter>XML IO\tinyxml Library</Filter>
    </ClInclude>
    <ClInclude Include="IO\DataSerializer.h">
      <Filter>XML IO</Filter>
    </ClInclude>
    <ClInclude Include="MovingCamera.h">
      <Filter>Input</Filter>
    </ClInclude>
    <ClInclude Include="Input\InputManager.h">
      <Filter>Input</Filter>
    </ClInclude>
    <ClInclude Include="Input\Input.hpp">
      <Filter>Input</Filter>
    </ClInclude>
    <ClInclude Include="Rendering\Rendering.hpp">
      <Filter>Rendering</Filter>
    </ClInclude>
    <ClInclude Include="Math\BasicMath.h">
      <Filter>Math\Basic Math</Filter>
    </ClInclude>
    <ClInclude Include="Math\CachedFunc.h">
      <Filter>Math\Basic Math</Filter>
    </ClInclude>
    <ClInclude Include="Math\FastRand.h">
      <Filter>Math\Basic Math</Filter>
    </ClInclude>
    <ClInclude Include="Math\Interval.h">
      <Filter>Math\Basic Math</Filter>
    </ClInclude>
    <ClInclude Include="Math\Matrix4f.h">
      <Filter>Math\Basic Math</Filter>
    </ClInclude>
    <ClInclude Include="Math\Quaternion.h">
      <Filter>Math\Basic Math</Filter>
    </ClInclude>
    <ClInclude Include="Math\Vectors.h">
      <Filter>Math\Basic Math</Filter>
    </ClInclude>
    <ClInclude Include="Math\Higher Math\Camera.h">
      <Filter>Math\Higher Math</Filter>
    </ClInclude>
    <ClInclude Include="Math\Higher Math\GeometricMath.h">
      <Filter>Math\Higher Math</Filter>
    </ClInclude>
    <ClInclude Include="Math\Higher Math\Lighting.h">
      <Filter>Math\Higher Math</Filter>
    </ClInclude>
    <ClInclude Include="Math\Higher Math\ProjectionInfo.h">
      <Filter>Math\Higher Math</Filter>
    </ClInclude>
    <ClInclude Include="Math\Higher Math\RegionSplitter.h">
      <Filter>Math\Higher Math</Filter>
    </ClInclude>
    <ClInclude Include="Math\Higher Math\Terrain.h">
      <Filter>Math\Higher Math</Filter>
    </ClInclude>
    <ClInclude Include="Math\Higher Math\TransformObject.h">
      <Filter>Math\Higher Math</Filter>
    </ClInclude>
    <ClInclude Include="Math\Noise Generation\BasicGenerators.h">
      <Filter>Math\Noise Generation</Filter>
    </ClInclude>
    <ClInclude Include="Math\Noise Generation\DiamondSquare.h">
      <Filter>Math\Noise Generation</Filter>
    </ClInclude>
    <ClInclude Include="Math\Noise Generation\Interpolator.h">
      <Filter>Math\Noise Generation</Filter>
    </ClInclude>
    <ClInclude Include="Math\Noise Generation\LayeredOctave.h">
      <Filter>Math\Noise Generation</Filter>
    </ClInclude>
    <ClInclude Include="Math\Noise Generation\NoiseCombinations.h">
      <Filter>Math\Noise Generation</Filter>
    </ClInclude>
    <ClInclude Include="Math\Noise Generation\NoiseFilterer.h">
      <Filter>Math\Noise Generation</Filter>
    </ClInclude>
    <ClInclude Include="Math\Noise Generation\NoiseFilterRegion.h">
      <Filter>Math\Noise Generation</Filter>
    </ClInclude>
    <ClInclude Include="Math\Noise Generation\Perlin.h">
      <Filter>Math\Noise Generation</Filter>
    </ClInclude>
    <ClInclude Include="Math\Noise Generation\Worley.h">
      <Filter>Math\Noise Generation</Filter>
    </ClInclude>
    <ClInclude Include="Math\Noise Generation\ColorGradient.h">
      <Filter>Math\Noise Generation\Noise Coloring</Filter>
    </ClInclude>
    <ClInclude Include="Math\Noise Generation\ColorNode.h">
      <Filter>Math\Noise Generation\Noise Coloring</Filter>
    </ClInclude>
    <ClInclude Include="Math\Shapes\Boxes.h">
      <Filter>Math\Shapes</Filter>
    </ClInclude>
    <ClInclude Include="Math\Shapes\ThreeDShapes.h">
      <Filter>Math\Shapes</Filter>
    </ClInclude>
    <ClInclude Include="Math\LowerMath.hpp">
      <Filter>Math</Filter>
    </ClInclude>
    <ClInclude Include="Math\HigherMath.hpp">
      <Filter>Math</Filter>
    </ClInclude>
    <ClInclude Include="Math\Shapes.hpp">
      <Filter>Math</Filter>
    </ClInclude>
    <ClInclude Include="Math\NoiseGeneration.hpp">
      <Filter>Math</Filter>
    </ClInclude>
    <ClInclude Include="Foliage.h">
      <Filter>Rendering\Objects</Filter>
    </ClInclude>
    <ClInclude Include="Rendering\Objects\Water.h">
      <Filter>Rendering\Objects</Filter>
    </ClInclude>
    <ClInclude Include="Events\EventManager.h">
      <Filter>Events</Filter>
    </ClInclude>
    <ClInclude Include="Events\Timing.h">
      <Filter>Events</Filter>
    </ClInclude>
    <ClInclude Include="Math\Higher Math\BumpmapToNormalmap.h">
      <Filter>Math\Higher Math</Filter>
    </ClInclude>
    <ClInclude Include="TextureSettings.h">
      <Filter>Rendering\Texture Management</Filter>
    </ClInclude>
    <ClInclude Include="Rendering\Texture Management\TextureConverters.h">
      <Filter>Rendering\Texture Management</Filter>
    </ClInclude>
    <ClInclude Include="Rendering\GUI\GUIScreen.h">
      <Filter>Rendering\GUI</Filter>
    </ClInclude>
    <ClInclude Include="Rendering\GUI\GUIElement.h">
      <Filter>Rendering\GUI</Filter>
    </ClInclude>
    <ClInclude Include="Tests\TwoDOpenGLTest.h">
      <Filter>Tests</Filter>
    </ClInclude>
    <ClInclude Include="Rendering\Helper Classes\DrawingQuad.h">
      <Filter>Rendering\Helper Classes</Filter>
    </ClInclude>
    <ClInclude Include="Rendering\Texture Management\TextureChannels.h">
      <Filter>Rendering\Texture Management</Filter>
    </ClInclude>
    <ClInclude Include="Rendering\Materials\RenderingModes.h">
      <Filter>Rendering\Materials</Filter>
    </ClInclude>
    <ClInclude Include="Rendering\Materials\MaterialData.h">
      <Filter>Rendering\Materials</Filter>
    </ClInclude>
    <ClInclude Include="Rendering\Materials\Data Nodes\DataNodeIncludes.h">
      <Filter>Rendering\Materials\Data Nodes</Filter>
    </ClInclude>
    <ClInclude Include="Rendering\Materials\Data Nodes\DataNode.h">
      <Filter>Rendering\Materials\Data Nodes</Filter>
    </ClInclude>
    <ClInclude Include="Rendering\Materials\Data Nodes\Math\AddNode.h">
      <Filter>Rendering\Materials\Data Nodes\Math</Filter>
    </ClInclude>
    <ClInclude Include="Rendering\Materials\Data Nodes\Vector.h">
      <Filter>Rendering\Materials\Data Nodes</Filter>
    </ClInclude>
    <ClInclude Include="Rendering\Materials\Data Nodes\DataLine.h">
      <Filter>Rendering\Materials\Data Nodes</Filter>
    </ClInclude>
    <ClInclude Include="Rendering\Materials\Data Nodes\Math\SubtractNode.h">
      <Filter>Rendering\Materials\Data Nodes\Math</Filter>
    </ClInclude>
    <ClInclude Include="Rendering\Materials\Data Nodes\Math\MultiplyNode.h">
      <Filter>Rendering\Materials\Data Nodes\Math</Filter>
    </ClInclude>
    <ClInclude Include="Rendering\Materials\Data Nodes\Math\DivideNode.h">
      <Filter>Rendering\Materials\Data Nodes\Math</Filter>
    </ClInclude>
    <ClInclude Include="Rendering\Materials\Data Nodes\Math\InterpolateNode.h">
      <Filter>Rendering\Materials\Data Nodes\Math</Filter>
    </ClInclude>
    <ClInclude Include="Rendering\Materials\Data Nodes\ShaderGenerator.h">
      <Filter>Rendering\Materials\Data Nodes</Filter>
    </ClInclude>
    <ClInclude Include="Rendering\Materials\Data Nodes\Math\PowNode.h">
      <Filter>Rendering\Materials\Data Nodes\Math</Filter>
    </ClInclude>
    <ClInclude Include="Rendering\Materials\Data Nodes\Parameters\ParamNode.h">
      <Filter>Rendering\Materials\Data Nodes\Parameters</Filter>
    </ClInclude>
    <ClInclude Include="Rendering\Materials\Data Nodes\Math\DotNode.h">
      <Filter>Rendering\Materials\Data Nodes\Math</Filter>
    </ClInclude>
    <ClInclude Include="Rendering\Materials\Data Nodes\Math\CrossNode.h">
      <Filter>Rendering\Materials\Data Nodes\Math</Filter>
    </ClInclude>
    <ClInclude Include="Rendering\Materials\Data Nodes\Math\ClampNode.h">
      <Filter>Rendering\Materials\Data Nodes\Math</Filter>
    </ClInclude>
    <ClInclude Include="Rendering\Materials\Data Nodes\Math\DistanceNode.h">
      <Filter>Rendering\Materials\Data Nodes\Math</Filter>
    </ClInclude>
    <ClInclude Include="Rendering\Materials\Data Nodes\Math\ModuloNode.h">
      <Filter>Rendering\Materials\Data Nodes\Math</Filter>
    </ClInclude>
    <ClInclude Include="Rendering\Materials\Data Nodes\Math\MaxMinNode.h">
      <Filter>Rendering\Materials\Data Nodes\Math</Filter>
    </ClInclude>
    <ClInclude Include="Rendering\Materials\Data Nodes\Math\LogNode.h">
      <Filter>Rendering\Materials\Data Nodes\Math</Filter>
    </ClInclude>
    <ClInclude Include="Rendering\Materials\Data Nodes\Parameters\CameraDataNode.h">
      <Filter>Rendering\Materials\Data Nodes\Parameters</Filter>
    </ClInclude>
    <ClInclude Include="Rendering\Materials\Data Nodes\Miscellaneous\WhiteNoiseNode.h">
      <Filter>Rendering\Materials\Data Nodes\Miscellaneous</Filter>
    </ClInclude>
    <ClInclude Include="Rendering\Materials\Data Nodes\Parameters\TimeNode.h">
      <Filter>Rendering\Materials\Data Nodes\Parameters</Filter>
    </ClInclude>
    <ClInclude Include="Rendering\Materials\Data Nodes\Math\ReflectNode.h">
      <Filter>Rendering\Materials\Data Nodes\Math</Filter>
    </ClInclude>
    <ClInclude Include="Rendering\Materials\Data Nodes\Math\RefractNode.h">
      <Filter>Rendering\Materials\Data Nodes\Math</Filter>
    </ClInclude>
    <ClInclude Include="Rendering\Materials\UniformCollections.h">
      <Filter>Rendering\Materials</Filter>
    </ClInclude>
    <ClInclude Include="Rendering\Materials\Data Nodes\Parameters\TextureSampleNode.h">
      <Filter>Rendering\Materials\Data Nodes\Parameters</Filter>
    </ClInclude>
    <ClInclude Include="Rendering\Materials\Data Nodes\Miscellaneous\CombineVectorNode.h">
      <Filter>Rendering\Materials\Data Nodes\Miscellaneous</Filter>
    </ClInclude>
    <ClInclude Include="Rendering\Materials\Data Nodes\Miscellaneous\VectorComponentsNode.h">
      <Filter>Rendering\Materials\Data Nodes\Miscellaneous</Filter>
    </ClInclude>
    <ClInclude Include="Rendering\Materials\Data Nodes\Math\RotateAroundAxisNode.h">
      <Filter>Rendering\Materials\Data Nodes\Math</Filter>
    </ClInclude>
    <ClInclude Include="Rendering\Materials\Data Nodes\Miscellaneous\SimpleFunctionNodes.h">
      <Filter>Rendering\Materials\Data Nodes\Miscellaneous</Filter>
    </ClInclude>
    <ClInclude Include="Rendering\Materials\Data Nodes\Math\RemapNode.h">
      <Filter>Rendering\Materials\Data Nodes\Math</Filter>
    </ClInclude>
    <ClInclude Include="Rendering\Texture Management\TextureManager.h">
      <Filter>Rendering\Texture Management</Filter>
    </ClInclude>
    <ClInclude Include="OptionalValue.h" />
    <ClInclude Include="Rendering\Materials\Data Nodes\Miscellaneous\SwizzleNode.h">
      <Filter>Rendering\Materials\Data Nodes\Miscellaneous</Filter>
    </ClInclude>
    <ClInclude Include="Rendering\PostProcessing\PostProcessData.h">
      <Filter>Rendering\Post-Processing</Filter>
    </ClInclude>
    <ClInclude Include="Rendering\PostProcessing\PostProcessChain.h">
      <Filter>Rendering\Post-Processing</Filter>
    </ClInclude>
    <ClInclude Include="Rendering\Materials\Data Nodes\Parameters\ProjectionDataNode.h">
      <Filter>Rendering\Materials\Data Nodes\Parameters</Filter>
    </ClInclude>
    <ClInclude Include="Rendering\Texture Management\RenderTargetManager.h">
      <Filter>Rendering\Texture Management</Filter>
    </ClInclude>
    <ClInclude Include="RenderTarget.h">
      <Filter>Rendering\Texture Management</Filter>
    </ClInclude>
    <ClInclude Include="Rendering\Texture Management\ManbilTexture.h">
      <Filter>Rendering\Texture Management</Filter>
    </ClInclude>
    <ClInclude Include="Rendering\GUI\FreeTypeHandler.h">
      <Filter>Rendering\GUI</Filter>
    </ClInclude>
    <ClInclude Include="Voxel\VoxelWorld.h">
      <Filter>Voxels</Filter>
    </ClInclude>
    <ClInclude Include="Voxel\VoxelChunk.h">
      <Filter>Voxels</Filter>
    </ClInclude>
    <ClInclude Include="Voxel\VoxelChunkManager.h">
      <Filter>Voxels</Filter>
    </ClInclude>
    <ClInclude Include="Voxel\ChunkMesh.h">
      <Filter>Voxels</Filter>
    </ClInclude>
    <ClInclude Include="Voxel\VoxelCamera.h">
      <Filter>Voxels</Filter>
    </ClInclude>
    <ClInclude Include="Input\LookRotation.h">
      <Filter>Input</Filter>
    </ClInclude>
    <ClInclude Include="Voxel\VoxelPlayer.h">
      <Filter>Voxels</Filter>
    </ClInclude>
    <ClInclude Include="Input\Input Objects\TwoButtonInput.h">
      <Filter>Input\Input Objects\Float Input</Filter>
    </ClInclude>
    <ClInclude Include="Math\Noise Generation\NoiseFilterVolume.h">
      <Filter>Math\Noise Generation</Filter>
    </ClInclude>
    <ClInclude Include="Rendering\Materials\MaterialUsageFlags.h">
      <Filter>Rendering\Materials</Filter>
    </ClInclude>
    <ClInclude Include="Rendering\Materials\Data Nodes\Parameters\ShaderComputationNodes.h">
      <Filter>Rendering\Materials\Data Nodes\Parameters</Filter>
    </ClInclude>
    <ClInclude Include="Rendering\Materials\Data Nodes\Miscellaneous\LightingNode.h">
      <Filter>Rendering\Materials\Data Nodes\Miscellaneous</Filter>
    </ClInclude>
    <ClInclude Include="Rendering\Objects\WaterRendering.h">
      <Filter>Rendering\Objects</Filter>
    </ClInclude>
    <ClInclude Include="Voxel\VoxelWorldPPC.h">
      <Filter>Voxels</Filter>
    </ClInclude>
    <ClInclude Include="Math\Array2D.h">
      <Filter>Math\Basic Math</Filter>
    </ClInclude>
    <ClInclude Include="Math\Array3D.h">
      <Filter>Math\Basic Math</Filter>
    </ClInclude>
    <ClInclude Include="Rendering\PrimitiveGenerator.h">
      <Filter>Rendering</Filter>
    </ClInclude>
    <ClInclude Include="DebugAssist.h" />
    <ClInclude Include="Oculus\OculusDevice.h">
      <Filter>Oculus Rift Stuff</Filter>
    </ClInclude>
    <ClInclude Include="Rendering\Materials\Data Nodes\Miscellaneous\DataNodeGenerators.h">
      <Filter>Rendering\Materials\Data Nodes\Miscellaneous</Filter>
    </ClInclude>
    <ClInclude Include="Rendering\Materials\Data Nodes\Parameters\VertexInputNode.h">
      <Filter>Rendering\Materials\Data Nodes\Parameters</Filter>
    </ClInclude>
    <ClInclude Include="Rendering\Materials\Data Nodes\GeometryShaderInfo.h">
      <Filter>Rendering\Materials\Data Nodes</Filter>
    </ClInclude>
    <ClInclude Include="Rendering\GPU Particles\GPUParticleDefines.h">
      <Filter>Rendering\GPU Particles</Filter>
    </ClInclude>
    <ClInclude Include="Rendering\GPU Particles\GPUParticleGenerator.h">
      <Filter>Rendering\GPU Particles</Filter>
    </ClInclude>
    <ClInclude Include="Rendering\Materials\Data Nodes\Parameters\GeometryInputNode.h">
      <Filter>Rendering\Materials\Data Nodes\Parameters</Filter>
    </ClInclude>
    <ClInclude Include="Rendering\Materials\Data Nodes\Parameters\ShaderInNode.h">
      <Filter>Rendering\Materials\Data Nodes\Parameters</Filter>
    </ClInclude>
    <ClInclude Include="Rendering\Materials\Data Nodes\Parameters\FragmentInputNode.h">
      <Filter>Rendering\Materials\Data Nodes\Parameters</Filter>
    </ClInclude>
    <ClInclude Include="Math\Higher Math\Gradient.h">
      <Filter>Math\Higher Math</Filter>
    </ClInclude>
    <ClInclude Include="Rendering\GPU Particles\High-level GPU Particles\HGPComponentManager.h">
      <Filter>Rendering\GPU Particles\High-level GPU Particles</Filter>
    </ClInclude>
    <ClInclude Include="Rendering\GPU Particles\High-level GPU Particles\SpecialHGPComponents.h">
      <Filter>Rendering\GPU Particles\High-level GPU Particles</Filter>
    </ClInclude>
    <ClInclude Include="Rendering\GPU Particles\High-level GPU Particles\HGPOutputComponent.h">
      <Filter>Rendering\GPU Particles\High-level GPU Particles</Filter>
    </ClInclude>
    <ClInclude Include="Rendering\Materials\Data Nodes\Math\GetLerpComponentNode.h">
      <Filter>Rendering\Materials\Data Nodes\Math</Filter>
    </ClInclude>
    <ClInclude Include="Rendering\Texture Management\TextureLoadSettings.h">
      <Filter>Rendering\Texture Management</Filter>
    </ClInclude>
    <ClInclude Include="NoiseToTexture.h">
      <Filter>Rendering\Texture Management</Filter>
    </ClInclude>
    <ClInclude Include="Rendering\GUI\TextRenderer.h">
      <Filter>Rendering\GUI</Filter>
    </ClInclude>
    <ClInclude Include="Tests\GUITestWorld.h">
      <Filter>Tests</Filter>
    </ClInclude>
  </ItemGroup>
  <ItemGroup>
    <Filter Include="Math">
      <UniqueIdentifier>{7424e331-87d1-4987-acf9-b98a2549259e}</UniqueIdentifier>
    </Filter>
    <Filter Include="Math\Noise Generation">
      <UniqueIdentifier>{dcf3a9f4-2e45-419b-9322-3a4fa7686864}</UniqueIdentifier>
    </Filter>
    <Filter Include="Math\Basic Math">
      <UniqueIdentifier>{65986f31-c477-4577-a486-3d5206df0a9c}</UniqueIdentifier>
    </Filter>
    <Filter Include="Math\Noise Generation\Noise Coloring">
      <UniqueIdentifier>{db2ff582-7d50-4f1e-bc51-74e4605fec2d}</UniqueIdentifier>
    </Filter>
    <Filter Include="Math\Shapes">
      <UniqueIdentifier>{d3a505b7-f782-4bb9-8d96-9d0eeb45aa42}</UniqueIdentifier>
    </Filter>
    <Filter Include="Oculus Rift Stuff">
      <UniqueIdentifier>{b2f214a1-17d3-4baa-adc6-64d16b442ad0}</UniqueIdentifier>
    </Filter>
    <Filter Include="MGame">
      <UniqueIdentifier>{e679110c-e835-44d9-bd5e-ed3d7286a232}</UniqueIdentifier>
    </Filter>
    <Filter Include="Math\Higher Math">
      <UniqueIdentifier>{977d905e-3054-4196-b423-4c0d8d5da765}</UniqueIdentifier>
    </Filter>
    <Filter Include="Two Triangles">
      <UniqueIdentifier>{3508bde8-92db-4455-83bd-8647a08958b7}</UniqueIdentifier>
    </Filter>
    <Filter Include="Two Triangles\Shaders">
      <UniqueIdentifier>{6abf4684-7d9c-450f-9987-6f4cbe1a09b8}</UniqueIdentifier>
    </Filter>
    <Filter Include="Input">
      <UniqueIdentifier>{b872daea-bb08-4de0-9136-bbf9c4c11796}</UniqueIdentifier>
    </Filter>
    <Filter Include="Input\Input Objects">
      <UniqueIdentifier>{bbfc7a37-90f3-4931-96e8-8be03d802388}</UniqueIdentifier>
    </Filter>
    <Filter Include="Input\Input Objects\Vector2 Input">
      <UniqueIdentifier>{7b41c42e-2003-42c0-85f4-6584bf5776e4}</UniqueIdentifier>
    </Filter>
    <Filter Include="Input\Input Objects\Bool Input">
      <UniqueIdentifier>{d08e6c43-a25e-48f5-b988-5cb6799ffa63}</UniqueIdentifier>
    </Filter>
    <Filter Include="Input\Input Objects\Float Input">
      <UniqueIdentifier>{17326263-49f3-495b-b423-5aa54203aba3}</UniqueIdentifier>
    </Filter>
    <Filter Include="Rendering">
      <UniqueIdentifier>{077822c2-7114-45a1-9e61-f6a8b548b692}</UniqueIdentifier>
    </Filter>
    <Filter Include="Rendering\Helper Classes">
      <UniqueIdentifier>{245e6dd6-d31d-4a83-b45f-ca212d6fc0db}</UniqueIdentifier>
    </Filter>
    <Filter Include="Rendering\Materials">
      <UniqueIdentifier>{5dd80362-6981-4b1a-870a-faed149b01aa}</UniqueIdentifier>
    </Filter>
    <Filter Include="Worlds">
      <UniqueIdentifier>{081f6e00-12b3-42b1-8c96-87eb066e25de}</UniqueIdentifier>
    </Filter>
    <Filter Include="XML IO">
      <UniqueIdentifier>{8dc0e115-bfb4-46f2-b6f5-e0c3b762de30}</UniqueIdentifier>
    </Filter>
    <Filter Include="XML IO\tinyxml Library">
      <UniqueIdentifier>{e4f7dc4f-85f9-4536-b6db-5f9c56013c8a}</UniqueIdentifier>
    </Filter>
    <Filter Include="Tests">
      <UniqueIdentifier>{3418affd-fce4-41be-84fa-6388382bbf75}</UniqueIdentifier>
    </Filter>
    <Filter Include="Rendering\Post-Processing">
      <UniqueIdentifier>{d1d8c8fa-48ec-4ad0-bc6f-63d81ae1bb77}</UniqueIdentifier>
    </Filter>
    <Filter Include="Rendering\Objects">
      <UniqueIdentifier>{3b14cde5-1c67-4405-bc5d-ed63a93d0054}</UniqueIdentifier>
    </Filter>
    <Filter Include="Events">
      <UniqueIdentifier>{95bef7da-4bab-4a10-9f0f-306b3c80aa15}</UniqueIdentifier>
    </Filter>
    <Filter Include="Rendering\Texture Management">
      <UniqueIdentifier>{2e9a24e0-4aee-4777-9c35-afe630868075}</UniqueIdentifier>
    </Filter>
    <Filter Include="Rendering\GUI">
      <UniqueIdentifier>{c8b64acb-b386-4277-a154-8f47c09c666b}</UniqueIdentifier>
    </Filter>
    <Filter Include="Rendering\Materials\Data Nodes">
      <UniqueIdentifier>{a5ab7fb2-95fe-443f-a7cd-b7f65bb8e0c9}</UniqueIdentifier>
    </Filter>
    <Filter Include="Rendering\Materials\Data Nodes\Math">
      <UniqueIdentifier>{89ba6ab3-54f0-441b-916c-03b4fa298a9c}</UniqueIdentifier>
    </Filter>
    <Filter Include="Rendering\Materials\Data Nodes\Parameters">
      <UniqueIdentifier>{637eb3fd-211d-48da-a50f-af946eabc75a}</UniqueIdentifier>
    </Filter>
    <Filter Include="Rendering\Materials\Data Nodes\Miscellaneous">
      <UniqueIdentifier>{cbed0f25-2a3e-49c5-99d3-90316bb497bb}</UniqueIdentifier>
    </Filter>
    <Filter Include="Voxels">
      <UniqueIdentifier>{8ab7af21-70a9-4b01-b23e-8ef373245d7d}</UniqueIdentifier>
    </Filter>
    <Filter Include="Oculus Rift Stuff\Source">
      <UniqueIdentifier>{8a2c0e1a-b834-49f6-be8e-474fb5408f6e}</UniqueIdentifier>
    </Filter>
    <Filter Include="Rendering\GPU Particles">
      <UniqueIdentifier>{215761ec-d5e7-4ef2-9067-f3077de54bd2}</UniqueIdentifier>
    </Filter>
    <Filter Include="Rendering\GPU Particles\High-level GPU Particles">
      <UniqueIdentifier>{d73909a1-953f-440e-87c3-def0ee62599d}</UniqueIdentifier>
    </Filter>
  </ItemGroup>
  <ItemGroup>
    <Text Include="water2d.txt">
      <Filter>Two Triangles\Shaders</Filter>
    </Text>
    <Text Include="raymarcheddistancefunc.txt">
      <Filter>Two Triangles\Shaders</Filter>
    </Text>
    <Text Include="raymarchedterrain.txt">
      <Filter>Two Triangles\Shaders</Filter>
    </Text>
    <Text Include="fbm.txt">
      <Filter>Two Triangles\Shaders</Filter>
    </Text>
    <Text Include="mandlebrot.txt">
      <Filter>Two Triangles\Shaders</Filter>
    </Text>
    <Text Include="Test.txt">
      <Filter>Two Triangles\Shaders</Filter>
    </Text>
    <Text Include="RMDFFun.txt">
      <Filter>Two Triangles\Shaders</Filter>
    </Text>
    <Text Include="t.txt">
      <Filter>Two Triangles\Shaders</Filter>
    </Text>
    <Text Include="Perlin.txt">
      <Filter>Two Triangles\Shaders</Filter>
    </Text>
  </ItemGroup>
</Project>